{
  "object": {
    "pins": [
      {
        "package": "AutomatticTracksiOS",
        "repositoryURL": "https://github.com/Automattic/Automattic-Tracks-iOS",
        "state": {
          "branch": null,
          "revision": "be5df01851443cccc0aa13d61f31a597cb94869c",
          "version": "3.3.0"
        }
      },
      {
        "package": "Sentry",
        "repositoryURL": "https://github.com/getsentry/sentry-cocoa",
        "state": {
          "branch": null,
          "revision": "38f4f70d07117b9f958a76b1bff278c2f29ffe0e",
          "version": "8.21.0"
        }
      },
      {
        "package": "SVProgressHUD",
        "repositoryURL": "https://github.com/SVProgressHUD/SVProgressHUD.git",
        "state": {
          "branch": null,
          "revision": "c33f7c775ba7feea6047a1fc3257f2e5863b44f7",
          "version": "2.3.1"
        }
      },
      {
        "package": "Sodium",
        "repositoryURL": "https://github.com/jedisct1/swift-sodium",
        "state": {
          "branch": null,
          "revision": "4f9164a0a2c9a6a7ff53a2833d54a5c79c957342",
          "version": "0.9.1"
        }
      },
      {
        "package": "UIDeviceIdentifier",
        "repositoryURL": "https://github.com/squarefrog/UIDeviceIdentifier",
        "state": {
          "branch": null,
          "revision": "4699794b08bb79a4d77785edaba6ea739e298e4b",
          "version": "2.3.0"
        }
      }
    ]
  },
  "version": 1
}
