// !$*UTF8*$!
{
	archiveVersion = 1;
	classes = {
	};
	objectVersion = 56;
	objects = {

/* Begin PBXBuildFile section */
		0D7414BC2B8FF3DA001114FB /* TemperatureUnit.swift in Sources */ = {isa = PBXBuildFile; fileRef = 0D7414BB2B8FF3DA001114FB /* TemperatureUnit.swift */; };
		0D8E44412B8CD9700057100C /* Networking.framework in Frameworks */ = {isa = PBXBuildFile; fileRef = 0D8E44362B8CD9700057100C /* Networking.framework */; };
		0D8E44462B8CD9700057100C /* NetworkingTests.swift in Sources */ = {isa = PBXBuildFile; fileRef = 0D8E44452B8CD9700057100C /* NetworkingTests.swift */; };
		0D8E45752B8CE87F0057100C /* TargetType.swift in Sources */ = {isa = PBXBuildFile; fileRef = 0D8E45612B8CE87F0057100C /* TargetType.swift */; };
		0D8E45772B8CE87F0057100C /* BaseAPI.swift in Sources */ = {isa = PBXBuildFile; fileRef = 0D8E45632B8CE87F0057100C /* BaseAPI.swift */; };
		0D8E45782B8CE87F0057100C /* ArrayEncoding.swift in Sources */ = {isa = PBXBuildFile; fileRef = 0D8E45642B8CE87F0057100C /* ArrayEncoding.swift */; };
		0D8E45792B8CE87F0057100C /* NetworkLogger.swift in Sources */ = {isa = PBXBuildFile; fileRef = 0D8E45652B8CE87F0057100C /* NetworkLogger.swift */; };
		0D8E457A2B8CE87F0057100C /* WeatherNetworking.swift in Sources */ = {isa = PBXBuildFile; fileRef = 0D8E456A2B8CE87F0057100C /* WeatherNetworking.swift */; };
		0D8E457B2B8CE87F0057100C /* WeatherAPI.swift in Sources */ = {isa = PBXBuildFile; fileRef = 0D8E456B2B8CE87F0057100C /* WeatherAPI.swift */; };
		0D8E457C2B8CE87F0057100C /* KeyedDecodingContainer+Pickslam.swift in Sources */ = {isa = PBXBuildFile; fileRef = 0D8E45702B8CE87F0057100C /* KeyedDecodingContainer+Pickslam.swift */; };
		0D8E457D2B8CE87F0057100C /* WeatherRequest.swift in Sources */ = {isa = PBXBuildFile; fileRef = 0D8E45742B8CE87F0057100C /* WeatherRequest.swift */; };
		0D8E45802B8CEB470057100C /* Settings.swift in Sources */ = {isa = PBXBuildFile; fileRef = 0D8E457F2B8CEB470057100C /* Settings.swift */; };
		0D8E45822B8CF5B50057100C /* WeatherResponse.swift in Sources */ = {isa = PBXBuildFile; fileRef = 0D8E45812B8CF5B50057100C /* WeatherResponse.swift */; };
		0D8E45842B8CFB2E0057100C /* Extension+Data.swift in Sources */ = {isa = PBXBuildFile; fileRef = 0D8E45832B8CFB2E0057100C /* Extension+Data.swift */; };
		0D91DBD92BB2924400850E00 /* FiableValidator.swift in Sources */ = {isa = PBXBuildFile; fileRef = 0D91DBD82BB2924400850E00 /* FiableValidator.swift */; };
		0D91DBDB2BB2927600850E00 /* FiableError.swift in Sources */ = {isa = PBXBuildFile; fileRef = 0D91DBDA2BB2927600850E00 /* FiableError.swift */; };
		0D91DBDD2BB4DC9500850E00 /* DirectusError.swift in Sources */ = {isa = PBXBuildFile; fileRef = 0D91DBDC2BB4DC9500850E00 /* DirectusError.swift */; };
		0D9D1B0F2B90EF6600316D94 /* WeatherError.swift in Sources */ = {isa = PBXBuildFile; fileRef = 0D9D1B0E2B90EF6600316D94 /* WeatherError.swift */; };
		0D9D1B112B90F7CB00316D94 /* Forecast.swift in Sources */ = {isa = PBXBuildFile; fileRef = 0D9D1B102B90F7CB00316D94 /* Forecast.swift */; };
		0D9D1B212B913C8100316D94 /* CityResult.swift in Sources */ = {isa = PBXBuildFile; fileRef = 0D9D1B202B913C8100316D94 /* CityResult.swift */; };
		0DA8EFE42BB0E5DE001EF5BF /* AccountRemote.swift in Sources */ = {isa = PBXBuildFile; fileRef = 0DA8EFE32BB0E5DE001EF5BF /* AccountRemote.swift */; };
		0DA8EFE62BB0E64A001EF5BF /* Remote.swift in Sources */ = {isa = PBXBuildFile; fileRef = 0DA8EFE52BB0E64A001EF5BF /* Remote.swift */; };
		0DA8EFE82BB0E6A1001EF5BF /* DotcomError.swift in Sources */ = {isa = PBXBuildFile; fileRef = 0DA8EFE72BB0E6A1001EF5BF /* DotcomError.swift */; };
		0DA8EFEA2BB0E87C001EF5BF /* URLRequestConvertible+Path.swift in Sources */ = {isa = PBXBuildFile; fileRef = 0DA8EFE92BB0E87C001EF5BF /* URLRequestConvertible+Path.swift */; };
		0DA8EFEC2BB0E8A4001EF5BF /* DotcomRequest.swift in Sources */ = {isa = PBXBuildFile; fileRef = 0DA8EFEB2BB0E8A4001EF5BF /* DotcomRequest.swift */; };
		0DA8EFEE2BB0E97F001EF5BF /* DotcomValidator.swift in Sources */ = {isa = PBXBuildFile; fileRef = 0DA8EFED2BB0E97F001EF5BF /* DotcomValidator.swift */; };
		0DA8EFF02BB0E9B1001EF5BF /* WordPressApiError.swift in Sources */ = {isa = PBXBuildFile; fileRef = 0DA8EFEF2BB0E9B1001EF5BF /* WordPressApiError.swift */; };
		0DA8EFF32BB23AA5001EF5BF /* EmailAvailabilityMapper.swift in Sources */ = {isa = PBXBuildFile; fileRef = 0DA8EFF22BB23AA5001EF5BF /* EmailAvailabilityMapper.swift */; };
		0DA8EFFA2BB23D1E001EF5BF /* FiableRequest.swift in Sources */ = {isa = PBXBuildFile; fileRef = 0DA8EFF92BB23D1E001EF5BF /* FiableRequest.swift */; };
		0DA8F0032BB242D1001EF5BF /* EmailCheckData.swift in Sources */ = {isa = PBXBuildFile; fileRef = 0DA8F0022BB242D1001EF5BF /* EmailCheckData.swift */; };
		0DA8F0052BB2439D001EF5BF /* Mapper+DataEnvelope.swift in Sources */ = {isa = PBXBuildFile; fileRef = 0DA8F0042BB2439D001EF5BF /* Mapper+DataEnvelope.swift */; };
		0DA8F00B2BB243E2001EF5BF /* AnyCodable.swift in Sources */ = {isa = PBXBuildFile; fileRef = 0DA8F0072BB243E2001EF5BF /* AnyCodable.swift */; };
		0DA8F00C2BB243E2001EF5BF /* AnyEncodable.swift in Sources */ = {isa = PBXBuildFile; fileRef = 0DA8F0082BB243E2001EF5BF /* AnyEncodable.swift */; };
		0DA8F00D2BB243E2001EF5BF /* AnyDecodable.swift in Sources */ = {isa = PBXBuildFile; fileRef = 0DA8F0092BB243E2001EF5BF /* AnyDecodable.swift */; };
		0DA8F00E2BB243E2001EF5BF /* Loader.swift in Sources */ = {isa = PBXBuildFile; fileRef = 0DA8F00A2BB243E2001EF5BF /* Loader.swift */; };
		0DA8F0102BB2475B001EF5BF /* Dictionary+App.swift in Sources */ = {isa = PBXBuildFile; fileRef = 0DA8F00F2BB2475B001EF5BF /* Dictionary+App.swift */; };
		0DC2340C2BA78D2D00414B13 /* FiableConstants.swift in Sources */ = {isa = PBXBuildFile; fileRef = 0DC2340B2BA78D2D00414B13 /* FiableConstants.swift */; };
		0DC234102BA78DEF00414B13 /* Credentials.swift in Sources */ = {isa = PBXBuildFile; fileRef = 0DC2340F2BA78DEF00414B13 /* Credentials.swift */; };
		0DC234152BA78E8200414B13 /* AlamofireNetwork.swift in Sources */ = {isa = PBXBuildFile; fileRef = 0DC234142BA78E8200414B13 /* AlamofireNetwork.swift */; };
		0DC234182BA78EA800414B13 /* RequestConverter.swift in Sources */ = {isa = PBXBuildFile; fileRef = 0DC234172BA78EA800414B13 /* RequestConverter.swift */; };
		0DC2341A2BA78EC300414B13 /* RESTRequest.swift in Sources */ = {isa = PBXBuildFile; fileRef = 0DC234192BA78EC300414B13 /* RESTRequest.swift */; };
		0DC2341C2BA78EF500414B13 /* RESTRequestConvertible.swift in Sources */ = {isa = PBXBuildFile; fileRef = 0DC2341B2BA78EF500414B13 /* RESTRequestConvertible.swift */; };
		0DC2341E2BA78F3200414B13 /* RequestProcessor.swift in Sources */ = {isa = PBXBuildFile; fileRef = 0DC2341D2BA78F3100414B13 /* RequestProcessor.swift */; };
		0DC234202BA78F7800414B13 /* RequestAuthenticator.swift in Sources */ = {isa = PBXBuildFile; fileRef = 0DC2341F2BA78F7800414B13 /* RequestAuthenticator.swift */; };
		0DC234222BA78FA400414B13 /* AuthenticatedRESTRequest.swift in Sources */ = {isa = PBXBuildFile; fileRef = 0DC234212BA78FA400414B13 /* AuthenticatedRESTRequest.swift */; };
		0DC234242BA78FE900414B13 /* NetworkError.swift in Sources */ = {isa = PBXBuildFile; fileRef = 0DC234232BA78FE900414B13 /* NetworkError.swift */; };
		0DC2343E2BA794F800414B13 /* ApplicationPasswordUseCase.swift in Sources */ = {isa = PBXBuildFile; fileRef = 0DC2343D2BA794F800414B13 /* ApplicationPasswordUseCase.swift */; };
		0DC234402BA7951600414B13 /* ApplicationPassword.swift in Sources */ = {isa = PBXBuildFile; fileRef = 0DC2343F2BA7951600414B13 /* ApplicationPassword.swift */; };
		0DC234422BA7953900414B13 /* Secret.swift in Sources */ = {isa = PBXBuildFile; fileRef = 0DC234412BA7953900414B13 /* Secret.swift */; };
		0DC234442BA7A2AA00414B13 /* FiableAPIVersion.swift in Sources */ = {isa = PBXBuildFile; fileRef = 0DC234432BA7A2AA00414B13 /* FiableAPIVersion.swift */; };
		0DC234462BA7A32900414B13 /* UserAgent.swift in Sources */ = {isa = PBXBuildFile; fileRef = 0DC234452BA7A32900414B13 /* UserAgent.swift */; };
		0DC234482BA7A37500414B13 /* ApplicationPasswordEncoder.swift in Sources */ = {isa = PBXBuildFile; fileRef = 0DC234472BA7A37500414B13 /* ApplicationPasswordEncoder.swift */; };
		0DC2344A2BA7A38F00414B13 /* ApplicationPasswordStorage.swift in Sources */ = {isa = PBXBuildFile; fileRef = 0DC234492BA7A38F00414B13 /* ApplicationPasswordStorage.swift */; };
		0DC2344C2BA7A44300414B13 /* CodingUserInfoKey+Fiable.swift in Sources */ = {isa = PBXBuildFile; fileRef = 0DC2344B2BA7A44300414B13 /* CodingUserInfoKey+Fiable.swift */; };
		0DC2344F2BA7A4AF00414B13 /* Logging.swift in Sources */ = {isa = PBXBuildFile; fileRef = 0DC2344E2BA7A4AE00414B13 /* Logging.swift */; };
		0DC234512BA7A53900414B13 /* WordPressOrgNetwork.swift in Sources */ = {isa = PBXBuildFile; fileRef = 0DC234502BA7A53900414B13 /* WordPressOrgNetwork.swift */; };
		0DC234542BA7A58D00414B13 /* ApplicationPasswordMapper.swift in Sources */ = {isa = PBXBuildFile; fileRef = 0DC234532BA7A58D00414B13 /* ApplicationPasswordMapper.swift */; };
		0DC234562BA7A5A400414B13 /* Mapper.swift in Sources */ = {isa = PBXBuildFile; fileRef = 0DC234552BA7A5A400414B13 /* Mapper.swift */; };
		0DC234592BA7A61A00414B13 /* ApplicationPasswordNameAndUUIDMapper.swift in Sources */ = {isa = PBXBuildFile; fileRef = 0DC234582BA7A61A00414B13 /* ApplicationPasswordNameAndUUIDMapper.swift */; };
		0DC2345C2BA7A63A00414B13 /* ApplicationPasswordNameAndUUID.swift in Sources */ = {isa = PBXBuildFile; fileRef = 0DC2345B2BA7A63A00414B13 /* ApplicationPasswordNameAndUUID.swift */; };
		0DC2345F2BA7A70700414B13 /* CookieNonceAuthenticator.swift in Sources */ = {isa = PBXBuildFile; fileRef = 0DC2345E2BA7A70700414B13 /* CookieNonceAuthenticator.swift */; };
		0DC234612BA7A7EA00414B13 /* Request.swift in Sources */ = {isa = PBXBuildFile; fileRef = 0DC234602BA7A7EA00414B13 /* Request.swift */; };
		0DC234642BA7A80600414B13 /* ResponseDataValidator.swift in Sources */ = {isa = PBXBuildFile; fileRef = 0DC234632BA7A80600414B13 /* ResponseDataValidator.swift */; };
		0DC234662BA7A87D00414B13 /* AuthenticatedDotcomRequest.swift in Sources */ = {isa = PBXBuildFile; fileRef = 0DC234652BA7A87D00414B13 /* AuthenticatedDotcomRequest.swift */; };
		0DC234682BA7A8AF00414B13 /* UnauthenticatedRequest.swift in Sources */ = {isa = PBXBuildFile; fileRef = 0DC234672BA7A8AF00414B13 /* UnauthenticatedRequest.swift */; };
		0DC2346A2BA7A8C600414B13 /* PlaceholderDataValidator.swift in Sources */ = {isa = PBXBuildFile; fileRef = 0DC234692BA7A8C600414B13 /* PlaceholderDataValidator.swift */; };
		0DC2346C2BA7A90000414B13 /* String+URL.swift in Sources */ = {isa = PBXBuildFile; fileRef = 0DC2346B2BA7A90000414B13 /* String+URL.swift */; };
		0DC2348A2BA7B96100414B13 /* Account.swift in Sources */ = {isa = PBXBuildFile; fileRef = 0DC234892BA7B96100414B13 /* Account.swift */; };
		0DC234A82BA7C4EC00414B13 /* CodeGen in Frameworks */ = {isa = PBXBuildFile; productRef = 0DC234A72BA7C4EC00414B13 /* CodeGen */; };
		0DF33DF92B9E5BDD003D7351 /* Network.swift in Sources */ = {isa = PBXBuildFile; fileRef = 0DF33DF82B9E5BDD003D7351 /* Network.swift */; };
		2E795EB41DE5BE14E92BF986 /* Pods_Networking.framework in Frameworks */ = {isa = PBXBuildFile; fileRef = 1BD88289EFD67343DF507384 /* Pods_Networking.framework */; };
		CDBA0292340C2FAE0F87F466 /* Pods_NetworkingTests.framework in Frameworks */ = {isa = PBXBuildFile; fileRef = 47BFCBE60030581A36AD2234 /* Pods_NetworkingTests.framework */; };
/* End PBXBuildFile section */

/* Begin PBXContainerItemProxy section */
		0D8E44422B8CD9700057100C /* PBXContainerItemProxy */ = {
			isa = PBXContainerItemProxy;
			containerPortal = 0D8E442D2B8CD9700057100C /* Project object */;
			proxyType = 1;
			remoteGlobalIDString = 0D8E44352B8CD9700057100C;
			remoteInfo = Networking;
		};
/* End PBXContainerItemProxy section */

/* Begin PBXFileReference section */
		0D7414BB2B8FF3DA001114FB /* TemperatureUnit.swift */ = {isa = PBXFileReference; lastKnownFileType = sourcecode.swift; path = TemperatureUnit.swift; sourceTree = "<group>"; };
		0D8E44362B8CD9700057100C /* Networking.framework */ = {isa = PBXFileReference; explicitFileType = wrapper.framework; includeInIndex = 0; path = Networking.framework; sourceTree = BUILT_PRODUCTS_DIR; };
		0D8E44402B8CD9700057100C /* NetworkingTests.xctest */ = {isa = PBXFileReference; explicitFileType = wrapper.cfbundle; includeInIndex = 0; path = NetworkingTests.xctest; sourceTree = BUILT_PRODUCTS_DIR; };
		0D8E44452B8CD9700057100C /* NetworkingTests.swift */ = {isa = PBXFileReference; lastKnownFileType = sourcecode.swift; path = NetworkingTests.swift; sourceTree = "<group>"; };
		0D8E45612B8CE87F0057100C /* TargetType.swift */ = {isa = PBXFileReference; fileEncoding = 4; lastKnownFileType = sourcecode.swift; path = TargetType.swift; sourceTree = "<group>"; };
		0D8E45632B8CE87F0057100C /* BaseAPI.swift */ = {isa = PBXFileReference; fileEncoding = 4; lastKnownFileType = sourcecode.swift; path = BaseAPI.swift; sourceTree = "<group>"; };
		0D8E45642B8CE87F0057100C /* ArrayEncoding.swift */ = {isa = PBXFileReference; fileEncoding = 4; lastKnownFileType = sourcecode.swift; path = ArrayEncoding.swift; sourceTree = "<group>"; };
		0D8E45652B8CE87F0057100C /* NetworkLogger.swift */ = {isa = PBXFileReference; fileEncoding = 4; lastKnownFileType = sourcecode.swift; path = NetworkLogger.swift; sourceTree = "<group>"; };
		0D8E456A2B8CE87F0057100C /* WeatherNetworking.swift */ = {isa = PBXFileReference; fileEncoding = 4; lastKnownFileType = sourcecode.swift; path = WeatherNetworking.swift; sourceTree = "<group>"; };
		0D8E456B2B8CE87F0057100C /* WeatherAPI.swift */ = {isa = PBXFileReference; fileEncoding = 4; lastKnownFileType = sourcecode.swift; path = WeatherAPI.swift; sourceTree = "<group>"; };
		0D8E45702B8CE87F0057100C /* KeyedDecodingContainer+Pickslam.swift */ = {isa = PBXFileReference; fileEncoding = 4; lastKnownFileType = sourcecode.swift; path = "KeyedDecodingContainer+Pickslam.swift"; sourceTree = "<group>"; };
		0D8E45742B8CE87F0057100C /* WeatherRequest.swift */ = {isa = PBXFileReference; fileEncoding = 4; lastKnownFileType = sourcecode.swift; path = WeatherRequest.swift; sourceTree = "<group>"; };
		0D8E457F2B8CEB470057100C /* Settings.swift */ = {isa = PBXFileReference; lastKnownFileType = sourcecode.swift; path = Settings.swift; sourceTree = "<group>"; };
		0D8E45812B8CF5B50057100C /* WeatherResponse.swift */ = {isa = PBXFileReference; lastKnownFileType = sourcecode.swift; path = WeatherResponse.swift; sourceTree = "<group>"; };
		0D8E45832B8CFB2E0057100C /* Extension+Data.swift */ = {isa = PBXFileReference; lastKnownFileType = sourcecode.swift; path = "Extension+Data.swift"; sourceTree = "<group>"; };
		0D91DBD82BB2924400850E00 /* FiableValidator.swift */ = {isa = PBXFileReference; lastKnownFileType = sourcecode.swift; path = FiableValidator.swift; sourceTree = "<group>"; };
		0D91DBDA2BB2927600850E00 /* FiableError.swift */ = {isa = PBXFileReference; lastKnownFileType = sourcecode.swift; path = FiableError.swift; sourceTree = "<group>"; };
		0D91DBDC2BB4DC9500850E00 /* DirectusError.swift */ = {isa = PBXFileReference; lastKnownFileType = sourcecode.swift; path = DirectusError.swift; sourceTree = "<group>"; };
		0D9D1B0E2B90EF6600316D94 /* WeatherError.swift */ = {isa = PBXFileReference; lastKnownFileType = sourcecode.swift; path = WeatherError.swift; sourceTree = "<group>"; };
		0D9D1B102B90F7CB00316D94 /* Forecast.swift */ = {isa = PBXFileReference; lastKnownFileType = sourcecode.swift; path = Forecast.swift; sourceTree = "<group>"; };
		0D9D1B202B913C8100316D94 /* CityResult.swift */ = {isa = PBXFileReference; lastKnownFileType = sourcecode.swift; path = CityResult.swift; sourceTree = "<group>"; };
		0DA8EFE32BB0E5DE001EF5BF /* AccountRemote.swift */ = {isa = PBXFileReference; lastKnownFileType = sourcecode.swift; path = AccountRemote.swift; sourceTree = "<group>"; };
		0DA8EFE52BB0E64A001EF5BF /* Remote.swift */ = {isa = PBXFileReference; lastKnownFileType = sourcecode.swift; path = Remote.swift; sourceTree = "<group>"; };
		0DA8EFE72BB0E6A1001EF5BF /* DotcomError.swift */ = {isa = PBXFileReference; lastKnownFileType = sourcecode.swift; path = DotcomError.swift; sourceTree = "<group>"; };
		0DA8EFE92BB0E87C001EF5BF /* URLRequestConvertible+Path.swift */ = {isa = PBXFileReference; lastKnownFileType = sourcecode.swift; path = "URLRequestConvertible+Path.swift"; sourceTree = "<group>"; };
		0DA8EFEB2BB0E8A4001EF5BF /* DotcomRequest.swift */ = {isa = PBXFileReference; lastKnownFileType = sourcecode.swift; path = DotcomRequest.swift; sourceTree = "<group>"; };
		0DA8EFED2BB0E97F001EF5BF /* DotcomValidator.swift */ = {isa = PBXFileReference; lastKnownFileType = sourcecode.swift; path = DotcomValidator.swift; sourceTree = "<group>"; };
		0DA8EFEF2BB0E9B1001EF5BF /* WordPressApiError.swift */ = {isa = PBXFileReference; lastKnownFileType = sourcecode.swift; path = WordPressApiError.swift; sourceTree = "<group>"; };
		0DA8EFF22BB23AA5001EF5BF /* EmailAvailabilityMapper.swift */ = {isa = PBXFileReference; lastKnownFileType = sourcecode.swift; path = EmailAvailabilityMapper.swift; sourceTree = "<group>"; };
		0DA8EFF92BB23D1E001EF5BF /* FiableRequest.swift */ = {isa = PBXFileReference; lastKnownFileType = sourcecode.swift; path = FiableRequest.swift; sourceTree = "<group>"; };
		0DA8F0022BB242D1001EF5BF /* EmailCheckData.swift */ = {isa = PBXFileReference; lastKnownFileType = sourcecode.swift; path = EmailCheckData.swift; sourceTree = "<group>"; };
		0DA8F0042BB2439D001EF5BF /* Mapper+DataEnvelope.swift */ = {isa = PBXFileReference; lastKnownFileType = sourcecode.swift; path = "Mapper+DataEnvelope.swift"; sourceTree = "<group>"; };
		0DA8F0072BB243E2001EF5BF /* AnyCodable.swift */ = {isa = PBXFileReference; fileEncoding = 4; lastKnownFileType = sourcecode.swift; path = AnyCodable.swift; sourceTree = "<group>"; };
		0DA8F0082BB243E2001EF5BF /* AnyEncodable.swift */ = {isa = PBXFileReference; fileEncoding = 4; lastKnownFileType = sourcecode.swift; path = AnyEncodable.swift; sourceTree = "<group>"; };
		0DA8F0092BB243E2001EF5BF /* AnyDecodable.swift */ = {isa = PBXFileReference; fileEncoding = 4; lastKnownFileType = sourcecode.swift; path = AnyDecodable.swift; sourceTree = "<group>"; };
		0DA8F00A2BB243E2001EF5BF /* Loader.swift */ = {isa = PBXFileReference; fileEncoding = 4; lastKnownFileType = sourcecode.swift; path = Loader.swift; sourceTree = "<group>"; };
		0DA8F00F2BB2475B001EF5BF /* Dictionary+App.swift */ = {isa = PBXFileReference; lastKnownFileType = sourcecode.swift; path = "Dictionary+App.swift"; sourceTree = "<group>"; };
		0DC2340B2BA78D2D00414B13 /* FiableConstants.swift */ = {isa = PBXFileReference; lastKnownFileType = sourcecode.swift; path = FiableConstants.swift; sourceTree = "<group>"; };
		0DC2340F2BA78DEF00414B13 /* Credentials.swift */ = {isa = PBXFileReference; lastKnownFileType = sourcecode.swift; path = Credentials.swift; sourceTree = "<group>"; };
		0DC234142BA78E8200414B13 /* AlamofireNetwork.swift */ = {isa = PBXFileReference; lastKnownFileType = sourcecode.swift; path = AlamofireNetwork.swift; sourceTree = "<group>"; };
		0DC234172BA78EA800414B13 /* RequestConverter.swift */ = {isa = PBXFileReference; lastKnownFileType = sourcecode.swift; path = RequestConverter.swift; sourceTree = "<group>"; };
		0DC234192BA78EC300414B13 /* RESTRequest.swift */ = {isa = PBXFileReference; lastKnownFileType = sourcecode.swift; path = RESTRequest.swift; sourceTree = "<group>"; };
		0DC2341B2BA78EF500414B13 /* RESTRequestConvertible.swift */ = {isa = PBXFileReference; lastKnownFileType = sourcecode.swift; path = RESTRequestConvertible.swift; sourceTree = "<group>"; };
		0DC2341D2BA78F3100414B13 /* RequestProcessor.swift */ = {isa = PBXFileReference; lastKnownFileType = sourcecode.swift; path = RequestProcessor.swift; sourceTree = "<group>"; };
		0DC2341F2BA78F7800414B13 /* RequestAuthenticator.swift */ = {isa = PBXFileReference; lastKnownFileType = sourcecode.swift; path = RequestAuthenticator.swift; sourceTree = "<group>"; };
		0DC234212BA78FA400414B13 /* AuthenticatedRESTRequest.swift */ = {isa = PBXFileReference; lastKnownFileType = sourcecode.swift; path = AuthenticatedRESTRequest.swift; sourceTree = "<group>"; };
		0DC234232BA78FE900414B13 /* NetworkError.swift */ = {isa = PBXFileReference; lastKnownFileType = sourcecode.swift; path = NetworkError.swift; sourceTree = "<group>"; };
		0DC2343D2BA794F800414B13 /* ApplicationPasswordUseCase.swift */ = {isa = PBXFileReference; lastKnownFileType = sourcecode.swift; path = ApplicationPasswordUseCase.swift; sourceTree = "<group>"; };
		0DC2343F2BA7951600414B13 /* ApplicationPassword.swift */ = {isa = PBXFileReference; lastKnownFileType = sourcecode.swift; path = ApplicationPassword.swift; sourceTree = "<group>"; };
		0DC234412BA7953900414B13 /* Secret.swift */ = {isa = PBXFileReference; lastKnownFileType = sourcecode.swift; path = Secret.swift; sourceTree = "<group>"; };
		0DC234432BA7A2AA00414B13 /* FiableAPIVersion.swift */ = {isa = PBXFileReference; lastKnownFileType = sourcecode.swift; path = FiableAPIVersion.swift; sourceTree = "<group>"; };
		0DC234452BA7A32900414B13 /* UserAgent.swift */ = {isa = PBXFileReference; lastKnownFileType = sourcecode.swift; path = UserAgent.swift; sourceTree = "<group>"; };
		0DC234472BA7A37500414B13 /* ApplicationPasswordEncoder.swift */ = {isa = PBXFileReference; lastKnownFileType = sourcecode.swift; path = ApplicationPasswordEncoder.swift; sourceTree = "<group>"; };
		0DC234492BA7A38F00414B13 /* ApplicationPasswordStorage.swift */ = {isa = PBXFileReference; lastKnownFileType = sourcecode.swift; path = ApplicationPasswordStorage.swift; sourceTree = "<group>"; };
		0DC2344B2BA7A44300414B13 /* CodingUserInfoKey+Fiable.swift */ = {isa = PBXFileReference; lastKnownFileType = sourcecode.swift; path = "CodingUserInfoKey+Fiable.swift"; sourceTree = "<group>"; };
		0DC2344E2BA7A4AE00414B13 /* Logging.swift */ = {isa = PBXFileReference; lastKnownFileType = sourcecode.swift; path = Logging.swift; sourceTree = "<group>"; };
		0DC234502BA7A53900414B13 /* WordPressOrgNetwork.swift */ = {isa = PBXFileReference; lastKnownFileType = sourcecode.swift; path = WordPressOrgNetwork.swift; sourceTree = "<group>"; };
		0DC234532BA7A58D00414B13 /* ApplicationPasswordMapper.swift */ = {isa = PBXFileReference; lastKnownFileType = sourcecode.swift; path = ApplicationPasswordMapper.swift; sourceTree = "<group>"; };
		0DC234552BA7A5A400414B13 /* Mapper.swift */ = {isa = PBXFileReference; lastKnownFileType = sourcecode.swift; path = Mapper.swift; sourceTree = "<group>"; };
		0DC234582BA7A61A00414B13 /* ApplicationPasswordNameAndUUIDMapper.swift */ = {isa = PBXFileReference; lastKnownFileType = sourcecode.swift; path = ApplicationPasswordNameAndUUIDMapper.swift; sourceTree = "<group>"; };
		0DC2345B2BA7A63A00414B13 /* ApplicationPasswordNameAndUUID.swift */ = {isa = PBXFileReference; lastKnownFileType = sourcecode.swift; path = ApplicationPasswordNameAndUUID.swift; sourceTree = "<group>"; };
		0DC2345E2BA7A70700414B13 /* CookieNonceAuthenticator.swift */ = {isa = PBXFileReference; lastKnownFileType = sourcecode.swift; path = CookieNonceAuthenticator.swift; sourceTree = "<group>"; };
		0DC234602BA7A7EA00414B13 /* Request.swift */ = {isa = PBXFileReference; lastKnownFileType = sourcecode.swift; path = Request.swift; sourceTree = "<group>"; };
		0DC234632BA7A80600414B13 /* ResponseDataValidator.swift */ = {isa = PBXFileReference; lastKnownFileType = sourcecode.swift; path = ResponseDataValidator.swift; sourceTree = "<group>"; };
		0DC234652BA7A87D00414B13 /* AuthenticatedDotcomRequest.swift */ = {isa = PBXFileReference; lastKnownFileType = sourcecode.swift; path = AuthenticatedDotcomRequest.swift; sourceTree = "<group>"; };
		0DC234672BA7A8AF00414B13 /* UnauthenticatedRequest.swift */ = {isa = PBXFileReference; lastKnownFileType = sourcecode.swift; path = UnauthenticatedRequest.swift; sourceTree = "<group>"; };
		0DC234692BA7A8C600414B13 /* PlaceholderDataValidator.swift */ = {isa = PBXFileReference; lastKnownFileType = sourcecode.swift; path = PlaceholderDataValidator.swift; sourceTree = "<group>"; };
		0DC2346B2BA7A90000414B13 /* String+URL.swift */ = {isa = PBXFileReference; lastKnownFileType = sourcecode.swift; path = "String+URL.swift"; sourceTree = "<group>"; };
		0DC234892BA7B96100414B13 /* Account.swift */ = {isa = PBXFileReference; lastKnownFileType = sourcecode.swift; path = Account.swift; sourceTree = "<group>"; };
		0DF33DF82B9E5BDD003D7351 /* Network.swift */ = {isa = PBXFileReference; lastKnownFileType = sourcecode.swift; path = Network.swift; sourceTree = "<group>"; };
		18057CBF5A1D66DD7BF13597 /* Pods-Networking.debug.xcconfig */ = {isa = PBXFileReference; includeInIndex = 1; lastKnownFileType = text.xcconfig; name = "Pods-Networking.debug.xcconfig"; path = "Target Support Files/Pods-Networking/Pods-Networking.debug.xcconfig"; sourceTree = "<group>"; };
		1BD88289EFD67343DF507384 /* Pods_Networking.framework */ = {isa = PBXFileReference; explicitFileType = wrapper.framework; includeInIndex = 0; path = Pods_Networking.framework; sourceTree = BUILT_PRODUCTS_DIR; };
		47BFCBE60030581A36AD2234 /* Pods_NetworkingTests.framework */ = {isa = PBXFileReference; explicitFileType = wrapper.framework; includeInIndex = 0; path = Pods_NetworkingTests.framework; sourceTree = BUILT_PRODUCTS_DIR; };
		48318ED02BE24EF3584D4FF9 /* Pods-Networking.release.xcconfig */ = {isa = PBXFileReference; includeInIndex = 1; lastKnownFileType = text.xcconfig; name = "Pods-Networking.release.xcconfig"; path = "Target Support Files/Pods-Networking/Pods-Networking.release.xcconfig"; sourceTree = "<group>"; };
		95625733E9AF55D69A4E7726 /* Pods-NetworkingTests.release.xcconfig */ = {isa = PBXFileReference; includeInIndex = 1; lastKnownFileType = text.xcconfig; name = "Pods-NetworkingTests.release.xcconfig"; path = "Target Support Files/Pods-NetworkingTests/Pods-NetworkingTests.release.xcconfig"; sourceTree = "<group>"; };
		B574B18E8BB5A6F2799DD3D6 /* Pods-NetworkingTests.debug.xcconfig */ = {isa = PBXFileReference; includeInIndex = 1; lastKnownFileType = text.xcconfig; name = "Pods-NetworkingTests.debug.xcconfig"; path = "Target Support Files/Pods-NetworkingTests/Pods-NetworkingTests.debug.xcconfig"; sourceTree = "<group>"; };
/* End PBXFileReference section */

/* Begin PBXFrameworksBuildPhase section */
		0D8E44332B8CD9700057100C /* Frameworks */ = {
			isa = PBXFrameworksBuildPhase;
			buildActionMask = 2147483647;
			files = (
				0DC234A82BA7C4EC00414B13 /* CodeGen in Frameworks */,
				2E795EB41DE5BE14E92BF986 /* Pods_Networking.framework in Frameworks */,
			);
			runOnlyForDeploymentPostprocessing = 0;
		};
		0D8E443D2B8CD9700057100C /* Frameworks */ = {
			isa = PBXFrameworksBuildPhase;
			buildActionMask = 2147483647;
			files = (
				0D8E44412B8CD9700057100C /* Networking.framework in Frameworks */,
				CDBA0292340C2FAE0F87F466 /* Pods_NetworkingTests.framework in Frameworks */,
			);
			runOnlyForDeploymentPostprocessing = 0;
		};
/* End PBXFrameworksBuildPhase section */

/* Begin PBXGroup section */
		08F29CF92833B6278AC10B20 /* Frameworks */ = {
			isa = PBXGroup;
			children = (
				1BD88289EFD67343DF507384 /* Pods_Networking.framework */,
				47BFCBE60030581A36AD2234 /* Pods_NetworkingTests.framework */,
			);
			name = Frameworks;
			sourceTree = "<group>";
		};
		0D8E442C2B8CD9700057100C = {
			isa = PBXGroup;
			children = (
				0D8E455F2B8CE87F0057100C /* Networking */,
				0D8E44442B8CD9700057100C /* NetworkingTests */,
				0D8E44372B8CD9700057100C /* Products */,
				91C3E0F85686EB34B6298C40 /* Pods */,
				08F29CF92833B6278AC10B20 /* Frameworks */,
			);
			sourceTree = "<group>";
		};
		0D8E44372B8CD9700057100C /* Products */ = {
			isa = PBXGroup;
			children = (
				0D8E44362B8CD9700057100C /* Networking.framework */,
				0D8E44402B8CD9700057100C /* NetworkingTests.xctest */,
			);
			name = Products;
			sourceTree = "<group>";
		};
		0D8E44442B8CD9700057100C /* NetworkingTests */ = {
			isa = PBXGroup;
			children = (
				0D8E44452B8CD9700057100C /* NetworkingTests.swift */,
			);
			path = NetworkingTests;
			sourceTree = "<group>";
		};
		0D8E455F2B8CE87F0057100C /* Networking */ = {
			isa = PBXGroup;
			children = (
				0DA8F0062BB243D5001EF5BF /* Tools */,
				0DA8EFE22BB0E5CD001EF5BF /* Remote */,
				0DC234622BA7A7FD00414B13 /* Validators */,
				0DC2345D2BA7A6FE00414B13 /* CookieNonce */,
				0DC234522BA7A58600414B13 /* Mapper */,
				0DC2344D2BA7A4A300414B13 /* Internal */,
				0DC234162BA78E9E00414B13 /* ApplicationPassword */,
				0DF33DF72B9E5BD4003D7351 /* Network */,
				0D8E457E2B8CEB3D0057100C /* Settings */,
				0D8E45602B8CE87F0057100C /* Core */,
				0D8E45662B8CE87F0057100C /* Networking */,
				0D8E456F2B8CE87F0057100C /* Extensions */,
				0D8E45712B8CE87F0057100C /* Model */,
				0D8E45722B8CE87F0057100C /* Requests */,
			);
			path = Networking;
			sourceTree = "<group>";
		};
		0D8E45602B8CE87F0057100C /* Core */ = {
			isa = PBXGroup;
			children = (
				0D8E45612B8CE87F0057100C /* TargetType.swift */,
				0D8E45632B8CE87F0057100C /* BaseAPI.swift */,
				0D8E45642B8CE87F0057100C /* ArrayEncoding.swift */,
				0D8E45652B8CE87F0057100C /* NetworkLogger.swift */,
			);
			path = Core;
			sourceTree = "<group>";
		};
		0D8E45662B8CE87F0057100C /* Networking */ = {
			isa = PBXGroup;
			children = (
				0D8E45692B8CE87F0057100C /* Auth */,
			);
			path = Networking;
			sourceTree = "<group>";
		};
		0D8E45692B8CE87F0057100C /* Auth */ = {
			isa = PBXGroup;
			children = (
				0D8E456A2B8CE87F0057100C /* WeatherNetworking.swift */,
				0D8E456B2B8CE87F0057100C /* WeatherAPI.swift */,
			);
			path = Auth;
			sourceTree = "<group>";
		};
		0D8E456F2B8CE87F0057100C /* Extensions */ = {
			isa = PBXGroup;
			children = (
				0D8E45702B8CE87F0057100C /* KeyedDecodingContainer+Pickslam.swift */,
				0D8E45832B8CFB2E0057100C /* Extension+Data.swift */,
				0DC2344B2BA7A44300414B13 /* CodingUserInfoKey+Fiable.swift */,
				0DC2346B2BA7A90000414B13 /* String+URL.swift */,
				0DA8EFE92BB0E87C001EF5BF /* URLRequestConvertible+Path.swift */,
				0DA8F0042BB2439D001EF5BF /* Mapper+DataEnvelope.swift */,
				0DA8F00F2BB2475B001EF5BF /* Dictionary+App.swift */,
			);
			path = Extensions;
			sourceTree = "<group>";
		};
		0D8E45712B8CE87F0057100C /* Model */ = {
			isa = PBXGroup;
			children = (
				0DA8F0012BB242B2001EF5BF /* FiableApi */,
				0DC2345A2BA7A63100414B13 /* ApplicationPassword */,
				0D8E45812B8CF5B50057100C /* WeatherResponse.swift */,
				0D9D1B0E2B90EF6600316D94 /* WeatherError.swift */,
				0D9D1B102B90F7CB00316D94 /* Forecast.swift */,
				0D9D1B202B913C8100316D94 /* CityResult.swift */,
				0DC234892BA7B96100414B13 /* Account.swift */,
				0DA8EFE72BB0E6A1001EF5BF /* DotcomError.swift */,
				0D91DBDA2BB2927600850E00 /* FiableError.swift */,
				0D91DBDC2BB4DC9500850E00 /* DirectusError.swift */,
			);
			path = Model;
			sourceTree = "<group>";
		};
		0D8E45722B8CE87F0057100C /* Requests */ = {
			isa = PBXGroup;
			children = (
				0D8E45732B8CE87F0057100C /* Auth */,
				0DC234192BA78EC300414B13 /* RESTRequest.swift */,
				0DC2341B2BA78EF500414B13 /* RESTRequestConvertible.swift */,
				0DC234212BA78FA400414B13 /* AuthenticatedRESTRequest.swift */,
				0DC234602BA7A7EA00414B13 /* Request.swift */,
				0DC234652BA7A87D00414B13 /* AuthenticatedDotcomRequest.swift */,
				0DC234672BA7A8AF00414B13 /* UnauthenticatedRequest.swift */,
				0DA8EFEB2BB0E8A4001EF5BF /* DotcomRequest.swift */,
				0DA8EFF92BB23D1E001EF5BF /* FiableRequest.swift */,
			);
			path = Requests;
			sourceTree = "<group>";
		};
		0D8E45732B8CE87F0057100C /* Auth */ = {
			isa = PBXGroup;
			children = (
				0D8E45742B8CE87F0057100C /* WeatherRequest.swift */,
			);
			path = Auth;
			sourceTree = "<group>";
		};
		0D8E457E2B8CEB3D0057100C /* Settings */ = {
			isa = PBXGroup;
			children = (
				0D7414BB2B8FF3DA001114FB /* TemperatureUnit.swift */,
				0D8E457F2B8CEB470057100C /* Settings.swift */,
				0DC2340B2BA78D2D00414B13 /* FiableConstants.swift */,
				0DC2340F2BA78DEF00414B13 /* Credentials.swift */,
				0DC234432BA7A2AA00414B13 /* FiableAPIVersion.swift */,
				0DC234452BA7A32900414B13 /* UserAgent.swift */,
			);
			path = Settings;
			sourceTree = "<group>";
		};
		0DA8EFE22BB0E5CD001EF5BF /* Remote */ = {
			isa = PBXGroup;
			children = (
				0DA8EFE32BB0E5DE001EF5BF /* AccountRemote.swift */,
				0DA8EFE52BB0E64A001EF5BF /* Remote.swift */,
			);
			path = Remote;
			sourceTree = "<group>";
		};
		0DA8EFF12BB23A96001EF5BF /* EmailAvailability */ = {
			isa = PBXGroup;
			children = (
				0DA8EFF22BB23AA5001EF5BF /* EmailAvailabilityMapper.swift */,
			);
			path = EmailAvailability;
			sourceTree = "<group>";
		};
		0DA8F0012BB242B2001EF5BF /* FiableApi */ = {
			isa = PBXGroup;
			children = (
				0DA8F0022BB242D1001EF5BF /* EmailCheckData.swift */,
			);
			path = FiableApi;
			sourceTree = "<group>";
		};
		0DA8F0062BB243D5001EF5BF /* Tools */ = {
			isa = PBXGroup;
			children = (
				0DA8F0072BB243E2001EF5BF /* AnyCodable.swift */,
				0DA8F0092BB243E2001EF5BF /* AnyDecodable.swift */,
				0DA8F0082BB243E2001EF5BF /* AnyEncodable.swift */,
				0DA8F00A2BB243E2001EF5BF /* Loader.swift */,
			);
			path = Tools;
			sourceTree = "<group>";
		};
		0DC234162BA78E9E00414B13 /* ApplicationPassword */ = {
			isa = PBXGroup;
			children = (
				0DC234172BA78EA800414B13 /* RequestConverter.swift */,
				0DC2341D2BA78F3100414B13 /* RequestProcessor.swift */,
				0DC2341F2BA78F7800414B13 /* RequestAuthenticator.swift */,
				0DC2343D2BA794F800414B13 /* ApplicationPasswordUseCase.swift */,
				0DC234412BA7953900414B13 /* Secret.swift */,
				0DC234472BA7A37500414B13 /* ApplicationPasswordEncoder.swift */,
				0DC234492BA7A38F00414B13 /* ApplicationPasswordStorage.swift */,
			);
			path = ApplicationPassword;
			sourceTree = "<group>";
		};
		0DC2344D2BA7A4A300414B13 /* Internal */ = {
			isa = PBXGroup;
			children = (
				0DC2344E2BA7A4AE00414B13 /* Logging.swift */,
			);
			path = Internal;
			sourceTree = "<group>";
		};
		0DC234522BA7A58600414B13 /* Mapper */ = {
			isa = PBXGroup;
			children = (
				0DA8EFF12BB23A96001EF5BF /* EmailAvailability */,
				0DC234552BA7A5A400414B13 /* Mapper.swift */,
				0DC234572BA7A5B500414B13 /* ApllicationPassword */,
			);
			path = Mapper;
			sourceTree = "<group>";
		};
		0DC234572BA7A5B500414B13 /* ApllicationPassword */ = {
			isa = PBXGroup;
			children = (
				0DC234532BA7A58D00414B13 /* ApplicationPasswordMapper.swift */,
				0DC234582BA7A61A00414B13 /* ApplicationPasswordNameAndUUIDMapper.swift */,
			);
			path = ApllicationPassword;
			sourceTree = "<group>";
		};
		0DC2345A2BA7A63100414B13 /* ApplicationPassword */ = {
			isa = PBXGroup;
			children = (
				0DC2343F2BA7951600414B13 /* ApplicationPassword.swift */,
				0DC2345B2BA7A63A00414B13 /* ApplicationPasswordNameAndUUID.swift */,
			);
			path = ApplicationPassword;
			sourceTree = "<group>";
		};
		0DC2345D2BA7A6FE00414B13 /* CookieNonce */ = {
			isa = PBXGroup;
			children = (
				0DC2345E2BA7A70700414B13 /* CookieNonceAuthenticator.swift */,
			);
			path = CookieNonce;
			sourceTree = "<group>";
		};
		0DC234622BA7A7FD00414B13 /* Validators */ = {
			isa = PBXGroup;
			children = (
				0DC234632BA7A80600414B13 /* ResponseDataValidator.swift */,
				0DC234692BA7A8C600414B13 /* PlaceholderDataValidator.swift */,
				0DA8EFED2BB0E97F001EF5BF /* DotcomValidator.swift */,
				0DA8EFEF2BB0E9B1001EF5BF /* WordPressApiError.swift */,
				0D91DBD82BB2924400850E00 /* FiableValidator.swift */,
			);
			path = Validators;
			sourceTree = "<group>";
		};
		0DF33DF72B9E5BD4003D7351 /* Network */ = {
			isa = PBXGroup;
			children = (
				0DF33DF82B9E5BDD003D7351 /* Network.swift */,
				0DC234142BA78E8200414B13 /* AlamofireNetwork.swift */,
				0DC234232BA78FE900414B13 /* NetworkError.swift */,
				0DC234502BA7A53900414B13 /* WordPressOrgNetwork.swift */,
			);
			path = Network;
			sourceTree = "<group>";
		};
		91C3E0F85686EB34B6298C40 /* Pods */ = {
			isa = PBXGroup;
			children = (
				18057CBF5A1D66DD7BF13597 /* Pods-Networking.debug.xcconfig */,
				48318ED02BE24EF3584D4FF9 /* Pods-Networking.release.xcconfig */,
				B574B18E8BB5A6F2799DD3D6 /* Pods-NetworkingTests.debug.xcconfig */,
				95625733E9AF55D69A4E7726 /* Pods-NetworkingTests.release.xcconfig */,
			);
			name = Pods;
			path = ../WeatherApp/Pods;
			sourceTree = "<group>";
		};
/* End PBXGroup section */

/* Begin PBXHeadersBuildPhase section */
		0D8E44312B8CD9700057100C /* Headers */ = {
			isa = PBXHeadersBuildPhase;
			buildActionMask = 2147483647;
			files = (
			);
			runOnlyForDeploymentPostprocessing = 0;
		};
/* End PBXHeadersBuildPhase section */

/* Begin PBXNativeTarget section */
		0D8E44352B8CD9700057100C /* Networking */ = {
			isa = PBXNativeTarget;
			buildConfigurationList = 0D8E444A2B8CD9700057100C /* Build configuration list for PBXNativeTarget "Networking" */;
			buildPhases = (
				6D2207730DF42042F2443C55 /* [CP] Check Pods Manifest.lock */,
				0D8E44312B8CD9700057100C /* Headers */,
				0D8E44322B8CD9700057100C /* Sources */,
				0D8E44332B8CD9700057100C /* Frameworks */,
				0D8E44342B8CD9700057100C /* Resources */,
			);
			buildRules = (
			);
			dependencies = (
			);
			name = Networking;
			packageProductDependencies = (
				0DC234A72BA7C4EC00414B13 /* CodeGen */,
			);
			productName = Networking;
			productReference = 0D8E44362B8CD9700057100C /* Networking.framework */;
			productType = "com.apple.product-type.framework";
		};
		0D8E443F2B8CD9700057100C /* NetworkingTests */ = {
			isa = PBXNativeTarget;
			buildConfigurationList = 0D8E444D2B8CD9700057100C /* Build configuration list for PBXNativeTarget "NetworkingTests" */;
			buildPhases = (
				581C3A8F9359F5898F680872 /* [CP] Check Pods Manifest.lock */,
				0D8E443C2B8CD9700057100C /* Sources */,
				0D8E443D2B8CD9700057100C /* Frameworks */,
				0D8E443E2B8CD9700057100C /* Resources */,
				FD3D5600E8AA792C443AFC4B /* [CP] Embed Pods Frameworks */,
			);
			buildRules = (
			);
			dependencies = (
				0D8E44432B8CD9700057100C /* PBXTargetDependency */,
			);
			name = NetworkingTests;
			productName = NetworkingTests;
			productReference = 0D8E44402B8CD9700057100C /* NetworkingTests.xctest */;
			productType = "com.apple.product-type.bundle.unit-test";
		};
/* End PBXNativeTarget section */

/* Begin PBXProject section */
		0D8E442D2B8CD9700057100C /* Project object */ = {
			isa = PBXProject;
			attributes = {
				BuildIndependentTargetsInParallel = 1;
				LastSwiftUpdateCheck = 1520;
				LastUpgradeCheck = 1520;
				TargetAttributes = {
					0D8E44352B8CD9700057100C = {
						CreatedOnToolsVersion = 15.2;
					};
					0D8E443F2B8CD9700057100C = {
						CreatedOnToolsVersion = 15.2;
					};
				};
			};
			buildConfigurationList = 0D8E44302B8CD9700057100C /* Build configuration list for PBXProject "Networking" */;
			compatibilityVersion = "Xcode 14.0";
			developmentRegion = en;
			hasScannedForEncodings = 0;
			knownRegions = (
				en,
				Base,
			);
			mainGroup = 0D8E442C2B8CD9700057100C;
			productRefGroup = 0D8E44372B8CD9700057100C /* Products */;
			projectDirPath = "";
			projectRoot = "";
			targets = (
				0D8E44352B8CD9700057100C /* Networking */,
				0D8E443F2B8CD9700057100C /* NetworkingTests */,
			);
		};
/* End PBXProject section */

/* Begin PBXResourcesBuildPhase section */
		0D8E44342B8CD9700057100C /* Resources */ = {
			isa = PBXResourcesBuildPhase;
			buildActionMask = 2147483647;
			files = (
			);
			runOnlyForDeploymentPostprocessing = 0;
		};
		0D8E443E2B8CD9700057100C /* Resources */ = {
			isa = PBXResourcesBuildPhase;
			buildActionMask = 2147483647;
			files = (
			);
			runOnlyForDeploymentPostprocessing = 0;
		};
/* End PBXResourcesBuildPhase section */

/* Begin PBXShellScriptBuildPhase section */
		581C3A8F9359F5898F680872 /* [CP] Check Pods Manifest.lock */ = {
			isa = PBXShellScriptBuildPhase;
			buildActionMask = 2147483647;
			files = (
			);
			inputFileListPaths = (
			);
			inputPaths = (
				"${PODS_PODFILE_DIR_PATH}/Podfile.lock",
				"${PODS_ROOT}/Manifest.lock",
			);
			name = "[CP] Check Pods Manifest.lock";
			outputFileListPaths = (
			);
			outputPaths = (
				"$(DERIVED_FILE_DIR)/Pods-NetworkingTests-checkManifestLockResult.txt",
			);
			runOnlyForDeploymentPostprocessing = 0;
			shellPath = /bin/sh;
			shellScript = "diff \"${PODS_PODFILE_DIR_PATH}/Podfile.lock\" \"${PODS_ROOT}/Manifest.lock\" > /dev/null\nif [ $? != 0 ] ; then\n    # print error to STDERR\n    echo \"error: The sandbox is not in sync with the Podfile.lock. Run 'pod install' or update your CocoaPods installation.\" >&2\n    exit 1\nfi\n# This output is used by Xcode 'outputs' to avoid re-running this script phase.\necho \"SUCCESS\" > \"${SCRIPT_OUTPUT_FILE_0}\"\n";
			showEnvVarsInLog = 0;
		};
		6D2207730DF42042F2443C55 /* [CP] Check Pods Manifest.lock */ = {
			isa = PBXShellScriptBuildPhase;
			buildActionMask = 2147483647;
			files = (
			);
			inputFileListPaths = (
			);
			inputPaths = (
				"${PODS_PODFILE_DIR_PATH}/Podfile.lock",
				"${PODS_ROOT}/Manifest.lock",
			);
			name = "[CP] Check Pods Manifest.lock";
			outputFileListPaths = (
			);
			outputPaths = (
				"$(DERIVED_FILE_DIR)/Pods-Networking-checkManifestLockResult.txt",
			);
			runOnlyForDeploymentPostprocessing = 0;
			shellPath = /bin/sh;
			shellScript = "diff \"${PODS_PODFILE_DIR_PATH}/Podfile.lock\" \"${PODS_ROOT}/Manifest.lock\" > /dev/null\nif [ $? != 0 ] ; then\n    # print error to STDERR\n    echo \"error: The sandbox is not in sync with the Podfile.lock. Run 'pod install' or update your CocoaPods installation.\" >&2\n    exit 1\nfi\n# This output is used by Xcode 'outputs' to avoid re-running this script phase.\necho \"SUCCESS\" > \"${SCRIPT_OUTPUT_FILE_0}\"\n";
			showEnvVarsInLog = 0;
		};
		FD3D5600E8AA792C443AFC4B /* [CP] Embed Pods Frameworks */ = {
			isa = PBXShellScriptBuildPhase;
			buildActionMask = 2147483647;
			files = (
			);
			inputFileListPaths = (
				"${PODS_ROOT}/Target Support Files/Pods-NetworkingTests/Pods-NetworkingTests-frameworks-${CONFIGURATION}-input-files.xcfilelist",
			);
			name = "[CP] Embed Pods Frameworks";
			outputFileListPaths = (
				"${PODS_ROOT}/Target Support Files/Pods-NetworkingTests/Pods-NetworkingTests-frameworks-${CONFIGURATION}-output-files.xcfilelist",
			);
			runOnlyForDeploymentPostprocessing = 0;
			shellPath = /bin/sh;
			shellScript = "\"${PODS_ROOT}/Target Support Files/Pods-NetworkingTests/Pods-NetworkingTests-frameworks.sh\"\n";
			showEnvVarsInLog = 0;
		};
/* End PBXShellScriptBuildPhase section */

/* Begin PBXSourcesBuildPhase section */
		0D8E44322B8CD9700057100C /* Sources */ = {
			isa = PBXSourcesBuildPhase;
			buildActionMask = 2147483647;
			files = (
				0D8E45792B8CE87F0057100C /* NetworkLogger.swift in Sources */,
				0DC234202BA78F7800414B13 /* RequestAuthenticator.swift in Sources */,
				0DA8EFEE2BB0E97F001EF5BF /* DotcomValidator.swift in Sources */,
				0DC2341E2BA78F3200414B13 /* RequestProcessor.swift in Sources */,
				0D8E457C2B8CE87F0057100C /* KeyedDecodingContainer+Pickslam.swift in Sources */,
				0DC234482BA7A37500414B13 /* ApplicationPasswordEncoder.swift in Sources */,
				0DC2348A2BA7B96100414B13 /* Account.swift in Sources */,
				0DC234152BA78E8200414B13 /* AlamofireNetwork.swift in Sources */,
				0DC2346C2BA7A90000414B13 /* String+URL.swift in Sources */,
				0DC234222BA78FA400414B13 /* AuthenticatedRESTRequest.swift in Sources */,
				0DF33DF92B9E5BDD003D7351 /* Network.swift in Sources */,
				0D91DBDB2BB2927600850E00 /* FiableError.swift in Sources */,
				0DA8EFF32BB23AA5001EF5BF /* EmailAvailabilityMapper.swift in Sources */,
				0DA8EFFA2BB23D1E001EF5BF /* FiableRequest.swift in Sources */,
				0DC234642BA7A80600414B13 /* ResponseDataValidator.swift in Sources */,
				0DA8EFE62BB0E64A001EF5BF /* Remote.swift in Sources */,
				0DC234592BA7A61A00414B13 /* ApplicationPasswordNameAndUUIDMapper.swift in Sources */,
				0DA8EFE82BB0E6A1001EF5BF /* DotcomError.swift in Sources */,
				0DA8F0102BB2475B001EF5BF /* Dictionary+App.swift in Sources */,
				0DA8F00B2BB243E2001EF5BF /* AnyCodable.swift in Sources */,
				0DC234662BA7A87D00414B13 /* AuthenticatedDotcomRequest.swift in Sources */,
				0DC234422BA7953900414B13 /* Secret.swift in Sources */,
				0DC234402BA7951600414B13 /* ApplicationPassword.swift in Sources */,
				0D9D1B212B913C8100316D94 /* CityResult.swift in Sources */,
				0DC234682BA7A8AF00414B13 /* UnauthenticatedRequest.swift in Sources */,
				0DC234512BA7A53900414B13 /* WordPressOrgNetwork.swift in Sources */,
				0DA8EFE42BB0E5DE001EF5BF /* AccountRemote.swift in Sources */,
				0D9D1B112B90F7CB00316D94 /* Forecast.swift in Sources */,
				0DA8F00E2BB243E2001EF5BF /* Loader.swift in Sources */,
				0D8E457B2B8CE87F0057100C /* WeatherAPI.swift in Sources */,
				0D8E45822B8CF5B50057100C /* WeatherResponse.swift in Sources */,
				0D8E45782B8CE87F0057100C /* ArrayEncoding.swift in Sources */,
				0DC234462BA7A32900414B13 /* UserAgent.swift in Sources */,
				0D8E45802B8CEB470057100C /* Settings.swift in Sources */,
				0DC234562BA7A5A400414B13 /* Mapper.swift in Sources */,
				0DC234182BA78EA800414B13 /* RequestConverter.swift in Sources */,
				0DC2341A2BA78EC300414B13 /* RESTRequest.swift in Sources */,
				0DC234442BA7A2AA00414B13 /* FiableAPIVersion.swift in Sources */,
				0DA8F0032BB242D1001EF5BF /* EmailCheckData.swift in Sources */,
				0D91DBD92BB2924400850E00 /* FiableValidator.swift in Sources */,
				0DA8F00D2BB243E2001EF5BF /* AnyDecodable.swift in Sources */,
				0DA8F00C2BB243E2001EF5BF /* AnyEncodable.swift in Sources */,
				0DC2340C2BA78D2D00414B13 /* FiableConstants.swift in Sources */,
				0D7414BC2B8FF3DA001114FB /* TemperatureUnit.swift in Sources */,
				0DC234612BA7A7EA00414B13 /* Request.swift in Sources */,
				0D8E45842B8CFB2E0057100C /* Extension+Data.swift in Sources */,
				0DC2344C2BA7A44300414B13 /* CodingUserInfoKey+Fiable.swift in Sources */,
				0DC234542BA7A58D00414B13 /* ApplicationPasswordMapper.swift in Sources */,
				0DA8F0052BB2439D001EF5BF /* Mapper+DataEnvelope.swift in Sources */,
				0DC234102BA78DEF00414B13 /* Credentials.swift in Sources */,
				0DC2345F2BA7A70700414B13 /* CookieNonceAuthenticator.swift in Sources */,
				0D8E457A2B8CE87F0057100C /* WeatherNetworking.swift in Sources */,
				0D8E45772B8CE87F0057100C /* BaseAPI.swift in Sources */,
				0D8E457D2B8CE87F0057100C /* WeatherRequest.swift in Sources */,
				0DA8EFEC2BB0E8A4001EF5BF /* DotcomRequest.swift in Sources */,
				0DC2341C2BA78EF500414B13 /* RESTRequestConvertible.swift in Sources */,
				0DC2346A2BA7A8C600414B13 /* PlaceholderDataValidator.swift in Sources */,
				0DC2345C2BA7A63A00414B13 /* ApplicationPasswordNameAndUUID.swift in Sources */,
				0DA8EFF02BB0E9B1001EF5BF /* WordPressApiError.swift in Sources */,
				0DC2344A2BA7A38F00414B13 /* ApplicationPasswordStorage.swift in Sources */,
				0DC234242BA78FE900414B13 /* NetworkError.swift in Sources */,
				0DC2344F2BA7A4AF00414B13 /* Logging.swift in Sources */,
				0DA8EFEA2BB0E87C001EF5BF /* URLRequestConvertible+Path.swift in Sources */,
				0DC2343E2BA794F800414B13 /* ApplicationPasswordUseCase.swift in Sources */,
				0D91DBDD2BB4DC9500850E00 /* DirectusError.swift in Sources */,
				0D8E45752B8CE87F0057100C /* TargetType.swift in Sources */,
				0D9D1B0F2B90EF6600316D94 /* WeatherError.swift in Sources */,
			);
			runOnlyForDeploymentPostprocessing = 0;
		};
		0D8E443C2B8CD9700057100C /* Sources */ = {
			isa = PBXSourcesBuildPhase;
			buildActionMask = 2147483647;
			files = (
				0D8E44462B8CD9700057100C /* NetworkingTests.swift in Sources */,
			);
			runOnlyForDeploymentPostprocessing = 0;
		};
/* End PBXSourcesBuildPhase section */

/* Begin PBXTargetDependency section */
		0D8E44432B8CD9700057100C /* PBXTargetDependency */ = {
			isa = PBXTargetDependency;
			target = 0D8E44352B8CD9700057100C /* Networking */;
			targetProxy = 0D8E44422B8CD9700057100C /* PBXContainerItemProxy */;
		};
/* End PBXTargetDependency section */

/* Begin XCBuildConfiguration section */
		0D8E44482B8CD9700057100C /* Debug */ = {
			isa = XCBuildConfiguration;
			buildSettings = {
				ALWAYS_SEARCH_USER_PATHS = NO;
				ASSETCATALOG_COMPILER_GENERATE_SWIFT_ASSET_SYMBOL_EXTENSIONS = YES;
				CLANG_ANALYZER_NONNULL = YES;
				CLANG_ANALYZER_NUMBER_OBJECT_CONVERSION = YES_AGGRESSIVE;
				CLANG_CXX_LANGUAGE_STANDARD = "gnu++20";
				CLANG_ENABLE_MODULES = YES;
				CLANG_ENABLE_OBJC_ARC = YES;
				CLANG_ENABLE_OBJC_WEAK = YES;
				CLANG_WARN_BLOCK_CAPTURE_AUTORELEASING = YES;
				CLANG_WARN_BOOL_CONVERSION = YES;
				CLANG_WARN_COMMA = YES;
				CLANG_WARN_CONSTANT_CONVERSION = YES;
				CLANG_WARN_DEPRECATED_OBJC_IMPLEMENTATIONS = YES;
				CLANG_WARN_DIRECT_OBJC_ISA_USAGE = YES_ERROR;
				CLANG_WARN_DOCUMENTATION_COMMENTS = YES;
				CLANG_WARN_EMPTY_BODY = YES;
				CLANG_WARN_ENUM_CONVERSION = YES;
				CLANG_WARN_INFINITE_RECURSION = YES;
				CLANG_WARN_INT_CONVERSION = YES;
				CLANG_WARN_NON_LITERAL_NULL_CONVERSION = YES;
				CLANG_WARN_OBJC_IMPLICIT_RETAIN_SELF = YES;
				CLANG_WARN_OBJC_LITERAL_CONVERSION = YES;
				CLANG_WARN_OBJC_ROOT_CLASS = YES_ERROR;
				CLANG_WARN_QUOTED_INCLUDE_IN_FRAMEWORK_HEADER = YES;
				CLANG_WARN_RANGE_LOOP_ANALYSIS = YES;
				CLANG_WARN_STRICT_PROTOTYPES = YES;
				CLANG_WARN_SUSPICIOUS_MOVE = YES;
				CLANG_WARN_UNGUARDED_AVAILABILITY = YES_AGGRESSIVE;
				CLANG_WARN_UNREACHABLE_CODE = YES;
				CLANG_WARN__DUPLICATE_METHOD_MATCH = YES;
				COPY_PHASE_STRIP = NO;
				CURRENT_PROJECT_VERSION = 1;
				DEBUG_INFORMATION_FORMAT = dwarf;
				ENABLE_STRICT_OBJC_MSGSEND = YES;
				ENABLE_TESTABILITY = YES;
				ENABLE_USER_SCRIPT_SANDBOXING = NO;
				GCC_C_LANGUAGE_STANDARD = gnu17;
				GCC_DYNAMIC_NO_PIC = NO;
				GCC_NO_COMMON_BLOCKS = YES;
				GCC_OPTIMIZATION_LEVEL = 0;
				GCC_PREPROCESSOR_DEFINITIONS = (
					"DEBUG=1",
					"$(inherited)",
				);
				GCC_WARN_64_TO_32_BIT_CONVERSION = YES;
				GCC_WARN_ABOUT_RETURN_TYPE = YES_ERROR;
				GCC_WARN_UNDECLARED_SELECTOR = YES;
				GCC_WARN_UNINITIALIZED_AUTOS = YES_AGGRESSIVE;
				GCC_WARN_UNUSED_FUNCTION = YES;
				GCC_WARN_UNUSED_VARIABLE = YES;
				IPHONEOS_DEPLOYMENT_TARGET = 15.0;
				LOCALIZATION_PREFERS_STRING_CATALOGS = YES;
				MTL_ENABLE_DEBUG_INFO = INCLUDE_SOURCE;
				MTL_FAST_MATH = YES;
				ONLY_ACTIVE_ARCH = YES;
				SDKROOT = iphoneos;
				SWIFT_ACTIVE_COMPILATION_CONDITIONS = "DEBUG $(inherited)";
				SWIFT_OPTIMIZATION_LEVEL = "-Onone";
				VERSIONING_SYSTEM = "apple-generic";
				VERSION_INFO_PREFIX = "";
			};
			name = Debug;
		};
		0D8E44492B8CD9700057100C /* Release */ = {
			isa = XCBuildConfiguration;
			buildSettings = {
				ALWAYS_SEARCH_USER_PATHS = NO;
				ASSETCATALOG_COMPILER_GENERATE_SWIFT_ASSET_SYMBOL_EXTENSIONS = YES;
				CLANG_ANALYZER_NONNULL = YES;
				CLANG_ANALYZER_NUMBER_OBJECT_CONVERSION = YES_AGGRESSIVE;
				CLANG_CXX_LANGUAGE_STANDARD = "gnu++20";
				CLANG_ENABLE_MODULES = YES;
				CLANG_ENABLE_OBJC_ARC = YES;
				CLANG_ENABLE_OBJC_WEAK = YES;
				CLANG_WARN_BLOCK_CAPTURE_AUTORELEASING = YES;
				CLANG_WARN_BOOL_CONVERSION = YES;
				CLANG_WARN_COMMA = YES;
				CLANG_WARN_CONSTANT_CONVERSION = YES;
				CLANG_WARN_DEPRECATED_OBJC_IMPLEMENTATIONS = YES;
				CLANG_WARN_DIRECT_OBJC_ISA_USAGE = YES_ERROR;
				CLANG_WARN_DOCUMENTATION_COMMENTS = YES;
				CLANG_WARN_EMPTY_BODY = YES;
				CLANG_WARN_ENUM_CONVERSION = YES;
				CLANG_WARN_INFINITE_RECURSION = YES;
				CLANG_WARN_INT_CONVERSION = YES;
				CLANG_WARN_NON_LITERAL_NULL_CONVERSION = YES;
				CLANG_WARN_OBJC_IMPLICIT_RETAIN_SELF = YES;
				CLANG_WARN_OBJC_LITERAL_CONVERSION = YES;
				CLANG_WARN_OBJC_ROOT_CLASS = YES_ERROR;
				CLANG_WARN_QUOTED_INCLUDE_IN_FRAMEWORK_HEADER = YES;
				CLANG_WARN_RANGE_LOOP_ANALYSIS = YES;
				CLANG_WARN_STRICT_PROTOTYPES = YES;
				CLANG_WARN_SUSPICIOUS_MOVE = YES;
				CLANG_WARN_UNGUARDED_AVAILABILITY = YES_AGGRESSIVE;
				CLANG_WARN_UNREACHABLE_CODE = YES;
				CLANG_WARN__DUPLICATE_METHOD_MATCH = YES;
				COPY_PHASE_STRIP = NO;
				CURRENT_PROJECT_VERSION = 1;
				DEBUG_INFORMATION_FORMAT = "dwarf-with-dsym";
				ENABLE_NS_ASSERTIONS = NO;
				ENABLE_STRICT_OBJC_MSGSEND = YES;
				ENABLE_USER_SCRIPT_SANDBOXING = NO;
				GCC_C_LANGUAGE_STANDARD = gnu17;
				GCC_NO_COMMON_BLOCKS = YES;
				GCC_WARN_64_TO_32_BIT_CONVERSION = YES;
				GCC_WARN_ABOUT_RETURN_TYPE = YES_ERROR;
				GCC_WARN_UNDECLARED_SELECTOR = YES;
				GCC_WARN_UNINITIALIZED_AUTOS = YES_AGGRESSIVE;
				GCC_WARN_UNUSED_FUNCTION = YES;
				GCC_WARN_UNUSED_VARIABLE = YES;
				IPHONEOS_DEPLOYMENT_TARGET = 15.0;
				LOCALIZATION_PREFERS_STRING_CATALOGS = YES;
				MTL_ENABLE_DEBUG_INFO = NO;
				MTL_FAST_MATH = YES;
				SDKROOT = iphoneos;
				SWIFT_COMPILATION_MODE = wholemodule;
				VALIDATE_PRODUCT = YES;
				VERSIONING_SYSTEM = "apple-generic";
				VERSION_INFO_PREFIX = "";
			};
			name = Release;
		};
		0D8E444B2B8CD9700057100C /* Debug */ = {
			isa = XCBuildConfiguration;
			baseConfigurationReference = 18057CBF5A1D66DD7BF13597 /* Pods-Networking.debug.xcconfig */;
			buildSettings = {
				CODE_SIGN_STYLE = Automatic;
				CURRENT_PROJECT_VERSION = 1;
				DEFINES_MODULE = YES;
				DEVELOPMENT_TEAM = 7PX72NXP7V;
				DYLIB_COMPATIBILITY_VERSION = 1;
				DYLIB_CURRENT_VERSION = 1;
				DYLIB_INSTALL_NAME_BASE = "@rpath";
				ENABLE_MODULE_VERIFIER = YES;
				ENABLE_USER_SCRIPT_SANDBOXING = NO;
				GENERATE_INFOPLIST_FILE = YES;
				INFOPLIST_KEY_NSHumanReadableCopyright = "";
				INSTALL_PATH = "$(LOCAL_LIBRARY_DIR)/Frameworks";
				LD_RUNPATH_SEARCH_PATHS = (
					"$(inherited)",
					"@executable_path/Frameworks",
					"@loader_path/Frameworks",
				);
				MARKETING_VERSION = 1.0;
				MODULE_VERIFIER_SUPPORTED_LANGUAGES = "objective-c objective-c++";
				MODULE_VERIFIER_SUPPORTED_LANGUAGE_STANDARDS = "gnu17 gnu++20";
				PRODUCT_BUNDLE_IDENTIFIER = app.fiable.Networking;
				PRODUCT_NAME = "$(TARGET_NAME:c99extidentifier)";
				SKIP_INSTALL = YES;
				SWIFT_EMIT_LOC_STRINGS = YES;
				SWIFT_VERSION = 5.0;
				TARGETED_DEVICE_FAMILY = "1,2";
			};
			name = Debug;
		};
		0D8E444C2B8CD9700057100C /* Release */ = {
			isa = XCBuildConfiguration;
			baseConfigurationReference = 48318ED02BE24EF3584D4FF9 /* Pods-Networking.release.xcconfig */;
			buildSettings = {
				CODE_SIGN_STYLE = Automatic;
				CURRENT_PROJECT_VERSION = 1;
				DEFINES_MODULE = YES;
				DEVELOPMENT_TEAM = 7PX72NXP7V;
				DYLIB_COMPATIBILITY_VERSION = 1;
				DYLIB_CURRENT_VERSION = 1;
				DYLIB_INSTALL_NAME_BASE = "@rpath";
				ENABLE_MODULE_VERIFIER = YES;
				ENABLE_USER_SCRIPT_SANDBOXING = NO;
				GENERATE_INFOPLIST_FILE = YES;
				INFOPLIST_KEY_NSHumanReadableCopyright = "";
				INSTALL_PATH = "$(LOCAL_LIBRARY_DIR)/Frameworks";
				LD_RUNPATH_SEARCH_PATHS = (
					"$(inherited)",
					"@executable_path/Frameworks",
					"@loader_path/Frameworks",
				);
				MARKETING_VERSION = 1.0;
				MODULE_VERIFIER_SUPPORTED_LANGUAGES = "objective-c objective-c++";
				MODULE_VERIFIER_SUPPORTED_LANGUAGE_STANDARDS = "gnu17 gnu++20";
				PRODUCT_BUNDLE_IDENTIFIER = app.fiable.Networking;
				PRODUCT_NAME = "$(TARGET_NAME:c99extidentifier)";
				SKIP_INSTALL = YES;
				SWIFT_EMIT_LOC_STRINGS = YES;
				SWIFT_VERSION = 5.0;
				TARGETED_DEVICE_FAMILY = "1,2";
			};
			name = Release;
		};
		0D8E444E2B8CD9700057100C /* Debug */ = {
			isa = XCBuildConfiguration;
			baseConfigurationReference = B574B18E8BB5A6F2799DD3D6 /* Pods-NetworkingTests.debug.xcconfig */;
			buildSettings = {
				ALWAYS_EMBED_SWIFT_STANDARD_LIBRARIES = "$(inherited)";
				CODE_SIGN_STYLE = Automatic;
				CURRENT_PROJECT_VERSION = 1;
				DEVELOPMENT_TEAM = 7PX72NXP7V;
				ENABLE_USER_SCRIPT_SANDBOXING = NO;
				GENERATE_INFOPLIST_FILE = YES;
				IPHONEOS_DEPLOYMENT_TARGET = 15.0;
				MARKETING_VERSION = 1.0;
				PRODUCT_BUNDLE_IDENTIFIER = app.fiable.NetworkingTests;
				PRODUCT_NAME = "$(TARGET_NAME)";
				SWIFT_EMIT_LOC_STRINGS = NO;
				SWIFT_VERSION = 5.0;
				TARGETED_DEVICE_FAMILY = "1,2";
			};
			name = Debug;
		};
		0D8E444F2B8CD9700057100C /* Release */ = {
			isa = XCBuildConfiguration;
			baseConfigurationReference = 95625733E9AF55D69A4E7726 /* Pods-NetworkingTests.release.xcconfig */;
			buildSettings = {
				ALWAYS_EMBED_SWIFT_STANDARD_LIBRARIES = "$(inherited)";
				CODE_SIGN_STYLE = Automatic;
				CURRENT_PROJECT_VERSION = 1;
				DEVELOPMENT_TEAM = 7PX72NXP7V;
				ENABLE_USER_SCRIPT_SANDBOXING = NO;
				GENERATE_INFOPLIST_FILE = YES;
				IPHONEOS_DEPLOYMENT_TARGET = 15.0;
				MARKETING_VERSION = 1.0;
				PRODUCT_BUNDLE_IDENTIFIER = app.fiable.NetworkingTests;
				PRODUCT_NAME = "$(TARGET_NAME)";
				SWIFT_EMIT_LOC_STRINGS = NO;
				SWIFT_VERSION = 5.0;
				TARGETED_DEVICE_FAMILY = "1,2";
			};
			name = Release;
		};
/* End XCBuildConfiguration section */

/* Begin XCConfigurationList section */
		0D8E44302B8CD9700057100C /* Build configuration list for PBXProject "Networking" */ = {
			isa = XCConfigurationList;
			buildConfigurations = (
				0D8E44482B8CD9700057100C /* Debug */,
				0D8E44492B8CD9700057100C /* Release */,
			);
			defaultConfigurationIsVisible = 0;
			defaultConfigurationName = Release;
		};
		0D8E444A2B8CD9700057100C /* Build configuration list for PBXNativeTarget "Networking" */ = {
			isa = XCConfigurationList;
			buildConfigurations = (
				0D8E444B2B8CD9700057100C /* Debug */,
				0D8E444C2B8CD9700057100C /* Release */,
			);
			defaultConfigurationIsVisible = 0;
			defaultConfigurationName = Release;
		};
		0D8E444D2B8CD9700057100C /* Build configuration list for PBXNativeTarget "NetworkingTests" */ = {
			isa = XCConfigurationList;
			buildConfigurations = (
				0D8E444E2B8CD9700057100C /* Debug */,
				0D8E444F2B8CD9700057100C /* Release */,
			);
			defaultConfigurationIsVisible = 0;
			defaultConfigurationName = Release;
		};
/* End XCConfigurationList section */

/* Begin XCSwiftPackageProductDependency section */
		0DC234A72BA7C4EC00414B13 /* CodeGen */ = {
			isa = XCSwiftPackageProductDependency;
			productName = CodeGen;
		};
/* End XCSwiftPackageProductDependency section */
	};
	rootObject = 0D8E442D2B8CD9700057100C /* Project object */;
}
