// !$*UTF8*$!
{
	archiveVersion = 1;
	classes = {
	};
	objectVersion = 56;
	objects = {

/* Begin PBXBuildFile section */
		0D74149D2B8F4B95001114FB /* NibOwnerLoadable.swift in Sources */ = {isa = PBXBuildFile; fileRef = 0D74149C2B8F4B95001114FB /* NibOwnerLoadable.swift */; };
		0D7414A92B8F59B7001114FB /* WeatherHeaderView.xib in Resources */ = {isa = PBXBuildFile; fileRef = 0D7414A82B8F58FF001114FB /* WeatherHeaderView.xib */; };
		0D7414AA2B8F5A64001114FB /* WeatherHeaderView.swift in Sources */ = {isa = PBXBuildFile; fileRef = 0D7414A72B8F58FF001114FB /* WeatherHeaderView.swift */; };
		0D7414AC2B8F6369001114FB /* Networking.framework in Frameworks */ = {isa = PBXBuildFile; fileRef = 0D7414AB2B8F6369001114FB /* Networking.framework */; };
		0D7414AD2B8F6369001114FB /* Networking.framework in Embed Frameworks */ = {isa = PBXBuildFile; fileRef = 0D7414AB2B8F6369001114FB /* Networking.framework */; settings = {ATTRIBUTES = (CodeSignOnCopy, RemoveHeadersOnCopy, ); }; };
		0D7414B02B8F64AA001114FB /* Double+Extensions.swift in Sources */ = {isa = PBXBuildFile; fileRef = 0D7414AF2B8F64AA001114FB /* Double+Extensions.swift */; };
		0D7414B22B8FE443001114FB /* Date+Extensions.swift in Sources */ = {isa = PBXBuildFile; fileRef = 0D7414B12B8FE443001114FB /* Date+Extensions.swift */; };
		0D7414B42B8FEB0A001114FB /* UIImage+DownloadIcon.swift in Sources */ = {isa = PBXBuildFile; fileRef = 0D7414B32B8FEB0A001114FB /* UIImage+DownloadIcon.swift */; };
		0D7414B82B8FF17A001114FB /* Combine+UIControl.swift in Sources */ = {isa = PBXBuildFile; fileRef = 0D7414B72B8FF17A001114FB /* Combine+UIControl.swift */; };
		0D7414BE2B8FF4CA001114FB /* Main+TemperatureString.swift in Sources */ = {isa = PBXBuildFile; fileRef = 0D7414BD2B8FF4CA001114FB /* Main+TemperatureString.swift */; };
		0D8E45B72B8D16010057100C /* Components.docc in Sources */ = {isa = PBXBuildFile; fileRef = 0D8E45B62B8D16010057100C /* Components.docc */; };
		0D8E45BD2B8D16010057100C /* Components.framework in Frameworks */ = {isa = PBXBuildFile; fileRef = 0D8E45B22B8D16010057100C /* Components.framework */; };
		0D8E45C22B8D16010057100C /* ComponentsTests.swift in Sources */ = {isa = PBXBuildFile; fileRef = 0D8E45C12B8D16010057100C /* ComponentsTests.swift */; };
		0D8E45C32B8D16010057100C /* Components.h in Headers */ = {isa = PBXBuildFile; fileRef = 0D8E45B52B8D16010057100C /* Components.h */; settings = {ATTRIBUTES = (Public, ); }; };
		0D8E45CE2B8D16260057100C /* LoadingView.swift in Sources */ = {isa = PBXBuildFile; fileRef = 0D8E45CD2B8D16260057100C /* LoadingView.swift */; };
		0D8E45D02B8D16B60057100C /* LoadingShowable.swift in Sources */ = {isa = PBXBuildFile; fileRef = 0D8E45CF2B8D16B60057100C /* LoadingShowable.swift */; };
		0D9D1B092B90D2F700316D94 /* UICollectionView+Extension.swift in Sources */ = {isa = PBXBuildFile; fileRef = 0D9D1B082B90D2F700316D94 /* UICollectionView+Extension.swift */; };
		0D9D1B0B2B90D36000316D94 /* UICollectionViewCell+Extension.swift in Sources */ = {isa = PBXBuildFile; fileRef = 0D9D1B0A2B90D36000316D94 /* UICollectionViewCell+Extension.swift */; };
		1C6E6E9BD9405EF705A0117C /* Pods_ComponentsTests.framework in Frameworks */ = {isa = PBXBuildFile; fileRef = 5514F12C8C1081A4C790AD86 /* Pods_ComponentsTests.framework */; };
		FDDA90245DC37D5E7ECA8D98 /* Pods_Components.framework in Frameworks */ = {isa = PBXBuildFile; fileRef = 990F9A94122D71882545CF34 /* Pods_Components.framework */; };
/* End PBXBuildFile section */

/* Begin PBXContainerItemProxy section */
		0D8E45BE2B8D16010057100C /* PBXContainerItemProxy */ = {
			isa = PBXContainerItemProxy;
			containerPortal = 0D8E45A92B8D16010057100C /* Project object */;
			proxyType = 1;
			remoteGlobalIDString = 0D8E45B12B8D16010057100C;
			remoteInfo = Components;
		};
/* End PBXContainerItemProxy section */

/* Begin PBXCopyFilesBuildPhase section */
		0D7414AE2B8F6369001114FB /* Embed Frameworks */ = {
			isa = PBXCopyFilesBuildPhase;
			buildActionMask = 2147483647;
			dstPath = "";
			dstSubfolderSpec = 10;
			files = (
				0D7414AD2B8F6369001114FB /* Networking.framework in Embed Frameworks */,
			);
			name = "Embed Frameworks";
			runOnlyForDeploymentPostprocessing = 0;
		};
/* End PBXCopyFilesBuildPhase section */

/* Begin PBXFileReference section */
		0D74149C2B8F4B95001114FB /* NibOwnerLoadable.swift */ = {isa = PBXFileReference; lastKnownFileType = sourcecode.swift; path = NibOwnerLoadable.swift; sourceTree = "<group>"; };
		0D7414A72B8F58FF001114FB /* WeatherHeaderView.swift */ = {isa = PBXFileReference; lastKnownFileType = sourcecode.swift; path = WeatherHeaderView.swift; sourceTree = "<group>"; };
		0D7414A82B8F58FF001114FB /* WeatherHeaderView.xib */ = {isa = PBXFileReference; lastKnownFileType = file.xib; path = WeatherHeaderView.xib; sourceTree = "<group>"; };
		0D7414AB2B8F6369001114FB /* Networking.framework */ = {isa = PBXFileReference; explicitFileType = wrapper.framework; path = Networking.framework; sourceTree = BUILT_PRODUCTS_DIR; };
		0D7414AF2B8F64AA001114FB /* Double+Extensions.swift */ = {isa = PBXFileReference; lastKnownFileType = sourcecode.swift; path = "Double+Extensions.swift"; sourceTree = "<group>"; };
		0D7414B12B8FE443001114FB /* Date+Extensions.swift */ = {isa = PBXFileReference; lastKnownFileType = sourcecode.swift; path = "Date+Extensions.swift"; sourceTree = "<group>"; };
		0D7414B32B8FEB0A001114FB /* UIImage+DownloadIcon.swift */ = {isa = PBXFileReference; lastKnownFileType = sourcecode.swift; path = "UIImage+DownloadIcon.swift"; sourceTree = "<group>"; };
		0D7414B72B8FF17A001114FB /* Combine+UIControl.swift */ = {isa = PBXFileReference; lastKnownFileType = sourcecode.swift; path = "Combine+UIControl.swift"; sourceTree = "<group>"; };
		0D7414BD2B8FF4CA001114FB /* Main+TemperatureString.swift */ = {isa = PBXFileReference; lastKnownFileType = sourcecode.swift; path = "Main+TemperatureString.swift"; sourceTree = "<group>"; };
		0D8E45B22B8D16010057100C /* Components.framework */ = {isa = PBXFileReference; explicitFileType = wrapper.framework; includeInIndex = 0; path = Components.framework; sourceTree = BUILT_PRODUCTS_DIR; };
		0D8E45B52B8D16010057100C /* Components.h */ = {isa = PBXFileReference; lastKnownFileType = sourcecode.c.h; path = Components.h; sourceTree = "<group>"; };
		0D8E45B62B8D16010057100C /* Components.docc */ = {isa = PBXFileReference; lastKnownFileType = folder.documentationcatalog; path = Components.docc; sourceTree = "<group>"; };
		0D8E45BC2B8D16010057100C /* ComponentsTests.xctest */ = {isa = PBXFileReference; explicitFileType = wrapper.cfbundle; includeInIndex = 0; path = ComponentsTests.xctest; sourceTree = BUILT_PRODUCTS_DIR; };
		0D8E45C12B8D16010057100C /* ComponentsTests.swift */ = {isa = PBXFileReference; lastKnownFileType = sourcecode.swift; path = ComponentsTests.swift; sourceTree = "<group>"; };
		0D8E45CD2B8D16260057100C /* LoadingView.swift */ = {isa = PBXFileReference; lastKnownFileType = sourcecode.swift; path = LoadingView.swift; sourceTree = "<group>"; };
		0D8E45CF2B8D16B60057100C /* LoadingShowable.swift */ = {isa = PBXFileReference; lastKnownFileType = sourcecode.swift; path = LoadingShowable.swift; sourceTree = "<group>"; };
		0D9D1B082B90D2F700316D94 /* UICollectionView+Extension.swift */ = {isa = PBXFileReference; lastKnownFileType = sourcecode.swift; path = "UICollectionView+Extension.swift"; sourceTree = "<group>"; };
		0D9D1B0A2B90D36000316D94 /* UICollectionViewCell+Extension.swift */ = {isa = PBXFileReference; lastKnownFileType = sourcecode.swift; path = "UICollectionViewCell+Extension.swift"; sourceTree = "<group>"; };
		11EC5E2F129AD14547C9A495 /* Pods-Components.debug.xcconfig */ = {isa = PBXFileReference; includeInIndex = 1; lastKnownFileType = text.xcconfig; name = "Pods-Components.debug.xcconfig"; path = "Target Support Files/Pods-Components/Pods-Components.debug.xcconfig"; sourceTree = "<group>"; };
		2597DE67DB9F4D3A1CA4FDF1 /* Pods-ComponentsTests.release.xcconfig */ = {isa = PBXFileReference; includeInIndex = 1; lastKnownFileType = text.xcconfig; name = "Pods-ComponentsTests.release.xcconfig"; path = "Target Support Files/Pods-ComponentsTests/Pods-ComponentsTests.release.xcconfig"; sourceTree = "<group>"; };
		5514F12C8C1081A4C790AD86 /* Pods_ComponentsTests.framework */ = {isa = PBXFileReference; explicitFileType = wrapper.framework; includeInIndex = 0; path = Pods_ComponentsTests.framework; sourceTree = BUILT_PRODUCTS_DIR; };
		8A75AAC0906A3467F1B08307 /* Pods-ComponentsTests.debug.xcconfig */ = {isa = PBXFileReference; includeInIndex = 1; lastKnownFileType = text.xcconfig; name = "Pods-ComponentsTests.debug.xcconfig"; path = "Target Support Files/Pods-ComponentsTests/Pods-ComponentsTests.debug.xcconfig"; sourceTree = "<group>"; };
		990F9A94122D71882545CF34 /* Pods_Components.framework */ = {isa = PBXFileReference; explicitFileType = wrapper.framework; includeInIndex = 0; path = Pods_Components.framework; sourceTree = BUILT_PRODUCTS_DIR; };
		A6E49EC4029B4FC9877D218C /* Pods-Components.release.xcconfig */ = {isa = PBXFileReference; includeInIndex = 1; lastKnownFileType = text.xcconfig; name = "Pods-Components.release.xcconfig"; path = "Target Support Files/Pods-Components/Pods-Components.release.xcconfig"; sourceTree = "<group>"; };
/* End PBXFileReference section */

/* Begin PBXFrameworksBuildPhase section */
		0D8E45AF2B8D16010057100C /* Frameworks */ = {
			isa = PBXFrameworksBuildPhase;
			buildActionMask = 2147483647;
			files = (
				0D7414AC2B8F6369001114FB /* Networking.framework in Frameworks */,
				FDDA90245DC37D5E7ECA8D98 /* Pods_Components.framework in Frameworks */,
			);
			runOnlyForDeploymentPostprocessing = 0;
		};
		0D8E45B92B8D16010057100C /* Frameworks */ = {
			isa = PBXFrameworksBuildPhase;
			buildActionMask = 2147483647;
			files = (
				0D8E45BD2B8D16010057100C /* Components.framework in Frameworks */,
				1C6E6E9BD9405EF705A0117C /* Pods_ComponentsTests.framework in Frameworks */,
			);
			runOnlyForDeploymentPostprocessing = 0;
		};
/* End PBXFrameworksBuildPhase section */

/* Begin PBXGroup section */
		0D23196B2B8E97A800F969DD /* Extensions */ = {
			isa = PBXGroup;
			children = (
				0D74149C2B8F4B95001114FB /* NibOwnerLoadable.swift */,
				0D7414AF2B8F64AA001114FB /* Double+Extensions.swift */,
				0D7414B12B8FE443001114FB /* Date+Extensions.swift */,
				0D7414B32B8FEB0A001114FB /* UIImage+DownloadIcon.swift */,
				0D7414B72B8FF17A001114FB /* Combine+UIControl.swift */,
				0D7414BD2B8FF4CA001114FB /* Main+TemperatureString.swift */,
				0D9D1B082B90D2F700316D94 /* UICollectionView+Extension.swift */,
				0D9D1B0A2B90D36000316D94 /* UICollectionViewCell+Extension.swift */,
			);
			path = Extensions;
			sourceTree = "<group>";
		};
		0D7414A62B8F58FF001114FB /* WeatherHeaderView */ = {
			isa = PBXGroup;
			children = (
				0D7414A72B8F58FF001114FB /* WeatherHeaderView.swift */,
				0D7414A82B8F58FF001114FB /* WeatherHeaderView.xib */,
			);
			path = WeatherHeaderView;
			sourceTree = "<group>";
		};
		0D8E45A82B8D16010057100C = {
			isa = PBXGroup;
			children = (
				0D8E45B42B8D16010057100C /* Components */,
				0D8E45C02B8D16010057100C /* ComponentsTests */,
				0D8E45B32B8D16010057100C /* Products */,
				737043646B1C46C27CC3A00C /* Pods */,
				9404624BADAAAE8092816CF6 /* Frameworks */,
			);
			sourceTree = "<group>";
		};
		0D8E45B32B8D16010057100C /* Products */ = {
			isa = PBXGroup;
			children = (
				0D8E45B22B8D16010057100C /* Components.framework */,
				0D8E45BC2B8D16010057100C /* ComponentsTests.xctest */,
			);
			name = Products;
			sourceTree = "<group>";
		};
		0D8E45B42B8D16010057100C /* Components */ = {
			isa = PBXGroup;
			children = (
				0D7414A62B8F58FF001114FB /* WeatherHeaderView */,
				0D23196B2B8E97A800F969DD /* Extensions */,
				0D8E45CC2B8D16200057100C /* LoadingView */,
				0D8E45B52B8D16010057100C /* Components.h */,
				0D8E45B62B8D16010057100C /* Components.docc */,
			);
			path = Components;
			sourceTree = "<group>";
		};
		0D8E45C02B8D16010057100C /* ComponentsTests */ = {
			isa = PBXGroup;
			children = (
				0D8E45C12B8D16010057100C /* ComponentsTests.swift */,
			);
			path = ComponentsTests;
			sourceTree = "<group>";
		};
		0D8E45CC2B8D16200057100C /* LoadingView */ = {
			isa = PBXGroup;
			children = (
				0D8E45CD2B8D16260057100C /* LoadingView.swift */,
				0D8E45CF2B8D16B60057100C /* LoadingShowable.swift */,
			);
			path = LoadingView;
			sourceTree = "<group>";
		};
		737043646B1C46C27CC3A00C /* Pods */ = {
			isa = PBXGroup;
			children = (
				11EC5E2F129AD14547C9A495 /* Pods-Components.debug.xcconfig */,
				A6E49EC4029B4FC9877D218C /* Pods-Components.release.xcconfig */,
				8A75AAC0906A3467F1B08307 /* Pods-ComponentsTests.debug.xcconfig */,
				2597DE67DB9F4D3A1CA4FDF1 /* Pods-ComponentsTests.release.xcconfig */,
			);
			name = Pods;
			path = ../WeatherApp/Pods;
			sourceTree = "<group>";
		};
		9404624BADAAAE8092816CF6 /* Frameworks */ = {
			isa = PBXGroup;
			children = (
				0D7414AB2B8F6369001114FB /* Networking.framework */,
				990F9A94122D71882545CF34 /* Pods_Components.framework */,
				5514F12C8C1081A4C790AD86 /* Pods_ComponentsTests.framework */,
			);
			name = Frameworks;
			sourceTree = "<group>";
		};
/* End PBXGroup section */

/* Begin PBXHeadersBuildPhase section */
		0D8E45AD2B8D16010057100C /* Headers */ = {
			isa = PBXHeadersBuildPhase;
			buildActionMask = 2147483647;
			files = (
				0D8E45C32B8D16010057100C /* Components.h in Headers */,
			);
			runOnlyForDeploymentPostprocessing = 0;
		};
/* End PBXHeadersBuildPhase section */

/* Begin PBXNativeTarget section */
		0D8E45B12B8D16010057100C /* Components */ = {
			isa = PBXNativeTarget;
			buildConfigurationList = 0D8E45C62B8D16010057100C /* Build configuration list for PBXNativeTarget "Components" */;
			buildPhases = (
				232E6E0D480C2F07A7033205 /* [CP] Check Pods Manifest.lock */,
				0D8E45AD2B8D16010057100C /* Headers */,
				0D8E45AE2B8D16010057100C /* Sources */,
				0D8E45AF2B8D16010057100C /* Frameworks */,
				0D8E45B02B8D16010057100C /* Resources */,
				0D7414AE2B8F6369001114FB /* Embed Frameworks */,
			);
			buildRules = (
			);
			dependencies = (
			);
			name = Components;
			productName = Components;
			productReference = 0D8E45B22B8D16010057100C /* Components.framework */;
			productType = "com.apple.product-type.framework";
		};
		0D8E45BB2B8D16010057100C /* ComponentsTests */ = {
			isa = PBXNativeTarget;
			buildConfigurationList = 0D8E45C92B8D16010057100C /* Build configuration list for PBXNativeTarget "ComponentsTests" */;
			buildPhases = (
				38DEEB52956A092013A86B64 /* [CP] Check Pods Manifest.lock */,
				0D8E45B82B8D16010057100C /* Sources */,
				0D8E45B92B8D16010057100C /* Frameworks */,
				0D8E45BA2B8D16010057100C /* Resources */,
				8A2F2F1E10047F0DA34A5790 /* [CP] Embed Pods Frameworks */,
			);
			buildRules = (
			);
			dependencies = (
				0D8E45BF2B8D16010057100C /* PBXTargetDependency */,
			);
			name = ComponentsTests;
			productName = ComponentsTests;
			productReference = 0D8E45BC2B8D16010057100C /* ComponentsTests.xctest */;
			productType = "com.apple.product-type.bundle.unit-test";
		};
/* End PBXNativeTarget section */

/* Begin PBXProject section */
		0D8E45A92B8D16010057100C /* Project object */ = {
			isa = PBXProject;
			attributes = {
				BuildIndependentTargetsInParallel = 1;
				LastSwiftUpdateCheck = 1520;
				LastUpgradeCheck = 1520;
				TargetAttributes = {
					0D8E45B12B8D16010057100C = {
						CreatedOnToolsVersion = 15.2;
					};
					0D8E45BB2B8D16010057100C = {
						CreatedOnToolsVersion = 15.2;
					};
				};
			};
			buildConfigurationList = 0D8E45AC2B8D16010057100C /* Build configuration list for PBXProject "Components" */;
			compatibilityVersion = "Xcode 14.0";
			developmentRegion = en;
			hasScannedForEncodings = 0;
			knownRegions = (
				en,
				Base,
			);
			mainGroup = 0D8E45A82B8D16010057100C;
			productRefGroup = 0D8E45B32B8D16010057100C /* Products */;
			projectDirPath = "";
			projectRoot = "";
			targets = (
				0D8E45B12B8D16010057100C /* Components */,
				0D8E45BB2B8D16010057100C /* ComponentsTests */,
			);
		};
/* End PBXProject section */

/* Begin PBXResourcesBuildPhase section */
		0D8E45B02B8D16010057100C /* Resources */ = {
			isa = PBXResourcesBuildPhase;
			buildActionMask = 2147483647;
			files = (
				0D7414A92B8F59B7001114FB /* WeatherHeaderView.xib in Resources */,
			);
			runOnlyForDeploymentPostprocessing = 0;
		};
		0D8E45BA2B8D16010057100C /* Resources */ = {
			isa = PBXResourcesBuildPhase;
			buildActionMask = 2147483647;
			files = (
			);
			runOnlyForDeploymentPostprocessing = 0;
		};
/* End PBXResourcesBuildPhase section */

/* Begin PBXShellScriptBuildPhase section */
		232E6E0D480C2F07A7033205 /* [CP] Check Pods Manifest.lock */ = {
			isa = PBXShellScriptBuildPhase;
			buildActionMask = 2147483647;
			files = (
			);
			inputFileListPaths = (
			);
			inputPaths = (
				"${PODS_PODFILE_DIR_PATH}/Podfile.lock",
				"${PODS_ROOT}/Manifest.lock",
			);
			name = "[CP] Check Pods Manifest.lock";
			outputFileListPaths = (
			);
			outputPaths = (
				"$(DERIVED_FILE_DIR)/Pods-Components-checkManifestLockResult.txt",
			);
			runOnlyForDeploymentPostprocessing = 0;
			shellPath = /bin/sh;
			shellScript = "diff \"${PODS_PODFILE_DIR_PATH}/Podfile.lock\" \"${PODS_ROOT}/Manifest.lock\" > /dev/null\nif [ $? != 0 ] ; then\n    # print error to STDERR\n    echo \"error: The sandbox is not in sync with the Podfile.lock. Run 'pod install' or update your CocoaPods installation.\" >&2\n    exit 1\nfi\n# This output is used by Xcode 'outputs' to avoid re-running this script phase.\necho \"SUCCESS\" > \"${SCRIPT_OUTPUT_FILE_0}\"\n";
			showEnvVarsInLog = 0;
		};
		38DEEB52956A092013A86B64 /* [CP] Check Pods Manifest.lock */ = {
			isa = PBXShellScriptBuildPhase;
			buildActionMask = 2147483647;
			files = (
			);
			inputFileListPaths = (
			);
			inputPaths = (
				"${PODS_PODFILE_DIR_PATH}/Podfile.lock",
				"${PODS_ROOT}/Manifest.lock",
			);
			name = "[CP] Check Pods Manifest.lock";
			outputFileListPaths = (
			);
			outputPaths = (
				"$(DERIVED_FILE_DIR)/Pods-ComponentsTests-checkManifestLockResult.txt",
			);
			runOnlyForDeploymentPostprocessing = 0;
			shellPath = /bin/sh;
			shellScript = "diff \"${PODS_PODFILE_DIR_PATH}/Podfile.lock\" \"${PODS_ROOT}/Manifest.lock\" > /dev/null\nif [ $? != 0 ] ; then\n    # print error to STDERR\n    echo \"error: The sandbox is not in sync with the Podfile.lock. Run 'pod install' or update your CocoaPods installation.\" >&2\n    exit 1\nfi\n# This output is used by Xcode 'outputs' to avoid re-running this script phase.\necho \"SUCCESS\" > \"${SCRIPT_OUTPUT_FILE_0}\"\n";
			showEnvVarsInLog = 0;
		};
		8A2F2F1E10047F0DA34A5790 /* [CP] Embed Pods Frameworks */ = {
			isa = PBXShellScriptBuildPhase;
			buildActionMask = 2147483647;
			files = (
			);
			inputFileListPaths = (
				"${PODS_ROOT}/Target Support Files/Pods-ComponentsTests/Pods-ComponentsTests-frameworks-${CONFIGURATION}-input-files.xcfilelist",
			);
			name = "[CP] Embed Pods Frameworks";
			outputFileListPaths = (
				"${PODS_ROOT}/Target Support Files/Pods-ComponentsTests/Pods-ComponentsTests-frameworks-${CONFIGURATION}-output-files.xcfilelist",
			);
			runOnlyForDeploymentPostprocessing = 0;
			shellPath = /bin/sh;
			shellScript = "\"${PODS_ROOT}/Target Support Files/Pods-ComponentsTests/Pods-ComponentsTests-frameworks.sh\"\n";
			showEnvVarsInLog = 0;
		};
/* End PBXShellScriptBuildPhase section */

/* Begin PBXSourcesBuildPhase section */
		0D8E45AE2B8D16010057100C /* Sources */ = {
			isa = PBXSourcesBuildPhase;
			buildActionMask = 2147483647;
			files = (
				0D7414B82B8FF17A001114FB /* Combine+UIControl.swift in Sources */,
				0D7414B02B8F64AA001114FB /* Double+Extensions.swift in Sources */,
				0D7414AA2B8F5A64001114FB /* WeatherHeaderView.swift in Sources */,
				0D7414B42B8FEB0A001114FB /* UIImage+DownloadIcon.swift in Sources */,
				0D7414B22B8FE443001114FB /* Date+Extensions.swift in Sources */,
				0D7414BE2B8FF4CA001114FB /* Main+TemperatureString.swift in Sources */,
				0D8E45D02B8D16B60057100C /* LoadingShowable.swift in Sources */,
				0D74149D2B8F4B95001114FB /* NibOwnerLoadable.swift in Sources */,
				0D9D1B0B2B90D36000316D94 /* UICollectionViewCell+Extension.swift in Sources */,
				0D8E45B72B8D16010057100C /* Components.docc in Sources */,
				0D9D1B092B90D2F700316D94 /* UICollectionView+Extension.swift in Sources */,
				0D8E45CE2B8D16260057100C /* LoadingView.swift in Sources */,
			);
			runOnlyForDeploymentPostprocessing = 0;
		};
		0D8E45B82B8D16010057100C /* Sources */ = {
			isa = PBXSourcesBuildPhase;
			buildActionMask = 2147483647;
			files = (
				0D8E45C22B8D16010057100C /* ComponentsTests.swift in Sources */,
			);
			runOnlyForDeploymentPostprocessing = 0;
		};
/* End PBXSourcesBuildPhase section */

/* Begin PBXTargetDependency section */
		0D8E45BF2B8D16010057100C /* PBXTargetDependency */ = {
			isa = PBXTargetDependency;
			target = 0D8E45B12B8D16010057100C /* Components */;
			targetProxy = 0D8E45BE2B8D16010057100C /* PBXContainerItemProxy */;
		};
/* End PBXTargetDependency section */

/* Begin XCBuildConfiguration section */
		0D8E45C42B8D16010057100C /* Debug */ = {
			isa = XCBuildConfiguration;
			buildSettings = {
				ALWAYS_SEARCH_USER_PATHS = NO;
				ASSETCATALOG_COMPILER_GENERATE_SWIFT_ASSET_SYMBOL_EXTENSIONS = YES;
				CLANG_ANALYZER_NONNULL = YES;
				CLANG_ANALYZER_NUMBER_OBJECT_CONVERSION = YES_AGGRESSIVE;
				CLANG_CXX_LANGUAGE_STANDARD = "gnu++20";
				CLANG_ENABLE_MODULES = YES;
				CLANG_ENABLE_OBJC_ARC = YES;
				CLANG_ENABLE_OBJC_WEAK = YES;
				CLANG_WARN_BLOCK_CAPTURE_AUTORELEASING = YES;
				CLANG_WARN_BOOL_CONVERSION = YES;
				CLANG_WARN_COMMA = YES;
				CLANG_WARN_CONSTANT_CONVERSION = YES;
				CLANG_WARN_DEPRECATED_OBJC_IMPLEMENTATIONS = YES;
				CLANG_WARN_DIRECT_OBJC_ISA_USAGE = YES_ERROR;
				CLANG_WARN_DOCUMENTATION_COMMENTS = YES;
				CLANG_WARN_EMPTY_BODY = YES;
				CLANG_WARN_ENUM_CONVERSION = YES;
				CLANG_WARN_INFINITE_RECURSION = YES;
				CLANG_WARN_INT_CONVERSION = YES;
				CLANG_WARN_NON_LITERAL_NULL_CONVERSION = YES;
				CLANG_WARN_OBJC_IMPLICIT_RETAIN_SELF = YES;
				CLANG_WARN_OBJC_LITERAL_CONVERSION = YES;
				CLANG_WARN_OBJC_ROOT_CLASS = YES_ERROR;
				CLANG_WARN_QUOTED_INCLUDE_IN_FRAMEWORK_HEADER = YES;
				CLANG_WARN_RANGE_LOOP_ANALYSIS = YES;
				CLANG_WARN_STRICT_PROTOTYPES = YES;
				CLANG_WARN_SUSPICIOUS_MOVE = YES;
				CLANG_WARN_UNGUARDED_AVAILABILITY = YES_AGGRESSIVE;
				CLANG_WARN_UNREACHABLE_CODE = YES;
				CLANG_WARN__DUPLICATE_METHOD_MATCH = YES;
				COPY_PHASE_STRIP = NO;
				CURRENT_PROJECT_VERSION = 1;
				DEBUG_INFORMATION_FORMAT = dwarf;
				ENABLE_STRICT_OBJC_MSGSEND = YES;
				ENABLE_TESTABILITY = YES;
				ENABLE_USER_SCRIPT_SANDBOXING = YES;
				GCC_C_LANGUAGE_STANDARD = gnu17;
				GCC_DYNAMIC_NO_PIC = NO;
				GCC_NO_COMMON_BLOCKS = YES;
				GCC_OPTIMIZATION_LEVEL = 0;
				GCC_PREPROCESSOR_DEFINITIONS = (
					"DEBUG=1",
					"$(inherited)",
				);
				GCC_WARN_64_TO_32_BIT_CONVERSION = YES;
				GCC_WARN_ABOUT_RETURN_TYPE = YES_ERROR;
				GCC_WARN_UNDECLARED_SELECTOR = YES;
				GCC_WARN_UNINITIALIZED_AUTOS = YES_AGGRESSIVE;
				GCC_WARN_UNUSED_FUNCTION = YES;
				GCC_WARN_UNUSED_VARIABLE = YES;
				IPHONEOS_DEPLOYMENT_TARGET = 15.0;
				LOCALIZATION_PREFERS_STRING_CATALOGS = YES;
				MTL_ENABLE_DEBUG_INFO = INCLUDE_SOURCE;
				MTL_FAST_MATH = YES;
				ONLY_ACTIVE_ARCH = YES;
				SDKROOT = iphoneos;
				SWIFT_ACTIVE_COMPILATION_CONDITIONS = "DEBUG $(inherited)";
				SWIFT_OPTIMIZATION_LEVEL = "-Onone";
				VERSIONING_SYSTEM = "apple-generic";
				VERSION_INFO_PREFIX = "";
			};
			name = Debug;
		};
		0D8E45C52B8D16010057100C /* Release */ = {
			isa = XCBuildConfiguration;
			buildSettings = {
				ALWAYS_SEARCH_USER_PATHS = NO;
				ASSETCATALOG_COMPILER_GENERATE_SWIFT_ASSET_SYMBOL_EXTENSIONS = YES;
				CLANG_ANALYZER_NONNULL = YES;
				CLANG_ANALYZER_NUMBER_OBJECT_CONVERSION = YES_AGGRESSIVE;
				CLANG_CXX_LANGUAGE_STANDARD = "gnu++20";
				CLANG_ENABLE_MODULES = YES;
				CLANG_ENABLE_OBJC_ARC = YES;
				CLANG_ENABLE_OBJC_WEAK = YES;
				CLANG_WARN_BLOCK_CAPTURE_AUTORELEASING = YES;
				CLANG_WARN_BOOL_CONVERSION = YES;
				CLANG_WARN_COMMA = YES;
				CLANG_WARN_CONSTANT_CONVERSION = YES;
				CLANG_WARN_DEPRECATED_OBJC_IMPLEMENTATIONS = YES;
				CLANG_WARN_DIRECT_OBJC_ISA_USAGE = YES_ERROR;
				CLANG_WARN_DOCUMENTATION_COMMENTS = YES;
				CLANG_WARN_EMPTY_BODY = YES;
				CLANG_WARN_ENUM_CONVERSION = YES;
				CLANG_WARN_INFINITE_RECURSION = YES;
				CLANG_WARN_INT_CONVERSION = YES;
				CLANG_WARN_NON_LITERAL_NULL_CONVERSION = YES;
				CLANG_WARN_OBJC_IMPLICIT_RETAIN_SELF = YES;
				CLANG_WARN_OBJC_LITERAL_CONVERSION = YES;
				CLANG_WARN_OBJC_ROOT_CLASS = YES_ERROR;
				CLANG_WARN_QUOTED_INCLUDE_IN_FRAMEWORK_HEADER = YES;
				CLANG_WARN_RANGE_LOOP_ANALYSIS = YES;
				CLANG_WARN_STRICT_PROTOTYPES = YES;
				CLANG_WARN_SUSPICIOUS_MOVE = YES;
				CLANG_WARN_UNGUARDED_AVAILABILITY = YES_AGGRESSIVE;
				CLANG_WARN_UNREACHABLE_CODE = YES;
				CLANG_WARN__DUPLICATE_METHOD_MATCH = YES;
				COPY_PHASE_STRIP = NO;
				CURRENT_PROJECT_VERSION = 1;
				DEBUG_INFORMATION_FORMAT = "dwarf-with-dsym";
				ENABLE_NS_ASSERTIONS = NO;
				ENABLE_STRICT_OBJC_MSGSEND = YES;
				ENABLE_USER_SCRIPT_SANDBOXING = YES;
				GCC_C_LANGUAGE_STANDARD = gnu17;
				GCC_NO_COMMON_BLOCKS = YES;
				GCC_WARN_64_TO_32_BIT_CONVERSION = YES;
				GCC_WARN_ABOUT_RETURN_TYPE = YES_ERROR;
				GCC_WARN_UNDECLARED_SELECTOR = YES;
				GCC_WARN_UNINITIALIZED_AUTOS = YES_AGGRESSIVE;
				GCC_WARN_UNUSED_FUNCTION = YES;
				GCC_WARN_UNUSED_VARIABLE = YES;
				IPHONEOS_DEPLOYMENT_TARGET = 15.0;
				LOCALIZATION_PREFERS_STRING_CATALOGS = YES;
				MTL_ENABLE_DEBUG_INFO = NO;
				MTL_FAST_MATH = YES;
				SDKROOT = iphoneos;
				SWIFT_COMPILATION_MODE = wholemodule;
				VALIDATE_PRODUCT = YES;
				VERSIONING_SYSTEM = "apple-generic";
				VERSION_INFO_PREFIX = "";
			};
			name = Release;
		};
		0D8E45C72B8D16010057100C /* Debug */ = {
			isa = XCBuildConfiguration;
			baseConfigurationReference = 11EC5E2F129AD14547C9A495 /* Pods-Components.debug.xcconfig */;
			buildSettings = {
				CODE_SIGN_STYLE = Automatic;
				CURRENT_PROJECT_VERSION = 1;
				DEFINES_MODULE = YES;
				DEVELOPMENT_TEAM = 7PX72NXP7V;
				DYLIB_COMPATIBILITY_VERSION = 1;
				DYLIB_CURRENT_VERSION = 1;
				DYLIB_INSTALL_NAME_BASE = "@rpath";
				ENABLE_MODULE_VERIFIER = YES;
				ENABLE_USER_SCRIPT_SANDBOXING = NO;
				GENERATE_INFOPLIST_FILE = YES;
				INFOPLIST_KEY_NSHumanReadableCopyright = "";
				INSTALL_PATH = "$(LOCAL_LIBRARY_DIR)/Frameworks";
				IPHONEOS_DEPLOYMENT_TARGET = 15.0;
				LD_RUNPATH_SEARCH_PATHS = (
					"$(inherited)",
					"@executable_path/Frameworks",
					"@loader_path/Frameworks",
				);
				MARKETING_VERSION = 1.0;
				MODULE_VERIFIER_SUPPORTED_LANGUAGES = "objective-c objective-c++";
				MODULE_VERIFIER_SUPPORTED_LANGUAGE_STANDARDS = "gnu17 gnu++20";
				PRODUCT_BUNDLE_IDENTIFIER = app.fiable.Components;
				PRODUCT_NAME = "$(TARGET_NAME:c99extidentifier)";
				SKIP_INSTALL = YES;
				SWIFT_EMIT_LOC_STRINGS = YES;
				SWIFT_VERSION = 5.0;
				TARGETED_DEVICE_FAMILY = "1,2";
			};
			name = Debug;
		};
		0D8E45C82B8D16010057100C /* Release */ = {
			isa = XCBuildConfiguration;
			baseConfigurationReference = A6E49EC4029B4FC9877D218C /* Pods-Components.release.xcconfig */;
			buildSettings = {
				CODE_SIGN_STYLE = Automatic;
				CURRENT_PROJECT_VERSION = 1;
				DEFINES_MODULE = YES;
				DEVELOPMENT_TEAM = 7PX72NXP7V;
				DYLIB_COMPATIBILITY_VERSION = 1;
				DYLIB_CURRENT_VERSION = 1;
				DYLIB_INSTALL_NAME_BASE = "@rpath";
				ENABLE_MODULE_VERIFIER = YES;
				ENABLE_USER_SCRIPT_SANDBOXING = NO;
				GENERATE_INFOPLIST_FILE = YES;
				INFOPLIST_KEY_NSHumanReadableCopyright = "";
				INSTALL_PATH = "$(LOCAL_LIBRARY_DIR)/Frameworks";
				IPHONEOS_DEPLOYMENT_TARGET = 15.0;
				LD_RUNPATH_SEARCH_PATHS = (
					"$(inherited)",
					"@executable_path/Frameworks",
					"@loader_path/Frameworks",
				);
				MARKETING_VERSION = 1.0;
				MODULE_VERIFIER_SUPPORTED_LANGUAGES = "objective-c objective-c++";
				MODULE_VERIFIER_SUPPORTED_LANGUAGE_STANDARDS = "gnu17 gnu++20";
				PRODUCT_BUNDLE_IDENTIFIER = app.fiable.Components;
				PRODUCT_NAME = "$(TARGET_NAME:c99extidentifier)";
				SKIP_INSTALL = YES;
				SWIFT_EMIT_LOC_STRINGS = YES;
				SWIFT_VERSION = 5.0;
				TARGETED_DEVICE_FAMILY = "1,2";
			};
			name = Release;
		};
		0D8E45CA2B8D16010057100C /* Debug */ = {
			isa = XCBuildConfiguration;
			baseConfigurationReference = 8A75AAC0906A3467F1B08307 /* Pods-ComponentsTests.debug.xcconfig */;
			buildSettings = {
				ALWAYS_EMBED_SWIFT_STANDARD_LIBRARIES = "$(inherited)";
				CODE_SIGN_STYLE = Automatic;
				CURRENT_PROJECT_VERSION = 1;
				DEVELOPMENT_TEAM = 7PX72NXP7V;
				GENERATE_INFOPLIST_FILE = YES;
				MARKETING_VERSION = 1.0;
				PRODUCT_BUNDLE_IDENTIFIER = app.fiable.ComponentsTests;
				PRODUCT_NAME = "$(TARGET_NAME)";
				SWIFT_EMIT_LOC_STRINGS = NO;
				SWIFT_VERSION = 5.0;
				TARGETED_DEVICE_FAMILY = "1,2";
			};
			name = Debug;
		};
		0D8E45CB2B8D16010057100C /* Release */ = {
			isa = XCBuildConfiguration;
			baseConfigurationReference = 2597DE67DB9F4D3A1CA4FDF1 /* Pods-ComponentsTests.release.xcconfig */;
			buildSettings = {
				ALWAYS_EMBED_SWIFT_STANDARD_LIBRARIES = "$(inherited)";
				CODE_SIGN_STYLE = Automatic;
				CURRENT_PROJECT_VERSION = 1;
				DEVELOPMENT_TEAM = 7PX72NXP7V;
				GENERATE_INFOPLIST_FILE = YES;
				MARKETING_VERSION = 1.0;
				PRODUCT_BUNDLE_IDENTIFIER = app.fiable.ComponentsTests;
				PRODUCT_NAME = "$(TARGET_NAME)";
				SWIFT_EMIT_LOC_STRINGS = NO;
				SWIFT_VERSION = 5.0;
				TARGETED_DEVICE_FAMILY = "1,2";
			};
			name = Release;
		};
/* End XCBuildConfiguration section */

/* Begin XCConfigurationList section */
		0D8E45AC2B8D16010057100C /* Build configuration list for PBXProject "Components" */ = {
			isa = XCConfigurationList;
			buildConfigurations = (
				0D8E45C42B8D16010057100C /* Debug */,
				0D8E45C52B8D16010057100C /* Release */,
			);
			defaultConfigurationIsVisible = 0;
			defaultConfigurationName = Release;
		};
		0D8E45C62B8D16010057100C /* Build configuration list for PBXNativeTarget "Components" */ = {
			isa = XCConfigurationList;
			buildConfigurations = (
				0D8E45C72B8D16010057100C /* Debug */,
				0D8E45C82B8D16010057100C /* Release */,
			);
			defaultConfigurationIsVisible = 0;
			defaultConfigurationName = Release;
		};
		0D8E45C92B8D16010057100C /* Build configuration list for PBXNativeTarget "ComponentsTests" */ = {
			isa = XCConfigurationList;
			buildConfigurations = (
				0D8E45CA2B8D16010057100C /* Debug */,
				0D8E45CB2B8D16010057100C /* Release */,
			);
			defaultConfigurationIsVisible = 0;
			defaultConfigurationName = Release;
		};
/* End XCConfigurationList section */
	};
	rootObject = 0D8E45A92B8D16010057100C /* Project object */;
}
