// !$*UTF8*$!
{
	archiveVersion = 1;
	classes = {
	};
	objectVersion = 56;
	objects = {

/* Begin PBXBuildFile section */
		0D23195D2B8E7B1400F969DD /* Date+WeatherApp.swift in Sources */ = {isa = PBXBuildFile; fileRef = 0D23195C2B8E7B1400F969DD /* Date+WeatherApp.swift */; };
		0D23195F2B8E7B4500F969DD /* String+Helpers.swift in Sources */ = {isa = PBXBuildFile; fileRef = 0D23195E2B8E7B4500F969DD /* String+Helpers.swift */; };
		0D2319612B8E7B9D00F969DD /* DateFormatter+WeatherApp.swift in Sources */ = {isa = PBXBuildFile; fileRef = 0D2319602B8E7B9D00F969DD /* DateFormatter+WeatherApp.swift */; };
		0D2319632B8E8F7300F969DD /* Extensions+UIView.swift in Sources */ = {isa = PBXBuildFile; fileRef = 0D2319622B8E8F7300F969DD /* Extensions+UIView.swift */; };
		0D2D26482B8C95FA008EB605 /* AppDelegate.swift in Sources */ = {isa = PBXBuildFile; fileRef = 0D2D26472B8C95FA008EB605 /* AppDelegate.swift */; };
		0D2D264A2B8C95FA008EB605 /* SceneDelegate.swift in Sources */ = {isa = PBXBuildFile; fileRef = 0D2D26492B8C95FA008EB605 /* SceneDelegate.swift */; };
		0D2D26522B8C95FA008EB605 /* WeatherApp.xcdatamodeld in Sources */ = {isa = PBXBuildFile; fileRef = 0D2D26502B8C95FA008EB605 /* WeatherApp.xcdatamodeld */; };
		0D2D26542B8C95FE008EB605 /* Assets.xcassets in Resources */ = {isa = PBXBuildFile; fileRef = 0D2D26532B8C95FE008EB605 /* Assets.xcassets */; };
		0D2D26572B8C95FE008EB605 /* LaunchScreen.storyboard in Resources */ = {isa = PBXBuildFile; fileRef = 0D2D26552B8C95FE008EB605 /* LaunchScreen.storyboard */; };
		0D2D26622B8C95FE008EB605 /* WeatherAppTests.swift in Sources */ = {isa = PBXBuildFile; fileRef = 0D2D26612B8C95FE008EB605 /* WeatherAppTests.swift */; };
		0D2D266C2B8C95FE008EB605 /* WeatherAppUITests.swift in Sources */ = {isa = PBXBuildFile; fileRef = 0D2D266B2B8C95FE008EB605 /* WeatherAppUITests.swift */; };
		0D2D266E2B8C95FE008EB605 /* WeatherAppUITestsLaunchTests.swift in Sources */ = {isa = PBXBuildFile; fileRef = 0D2D266D2B8C95FE008EB605 /* WeatherAppUITestsLaunchTests.swift */; };
		0D8045DE2B8D3EED004F6E39 /* LocationService.framework in Frameworks */ = {isa = PBXBuildFile; fileRef = 0D8045DD2B8D3EED004F6E39 /* LocationService.framework */; };
		0D8045DF2B8D3EED004F6E39 /* LocationService.framework in Embed Frameworks */ = {isa = PBXBuildFile; fileRef = 0D8045DD2B8D3EED004F6E39 /* LocationService.framework */; settings = {ATTRIBUTES = (CodeSignOnCopy, RemoveHeadersOnCopy, ); }; };
		0D8045E32B8D41B1004F6E39 /* WeatherRequest+CLLocation.swift in Sources */ = {isa = PBXBuildFile; fileRef = 0D8045E22B8D41B1004F6E39 /* WeatherRequest+CLLocation.swift */; };
		0D8045E62B8DED4C004F6E39 /* CoreLocationDataManager.swift in Sources */ = {isa = PBXBuildFile; fileRef = 0D8045E52B8DED4C004F6E39 /* CoreLocationDataManager.swift */; };
		0D8045E82B8DF3CA004F6E39 /* Extension+NSManagedObject.swift in Sources */ = {isa = PBXBuildFile; fileRef = 0D8045E72B8DF3CA004F6E39 /* Extension+NSManagedObject.swift */; };
		0D8045EF2B8E4E58004F6E39 /* UserLocation+CoreDataClass.swift in Sources */ = {isa = PBXBuildFile; fileRef = 0D8045EE2B8E4E58004F6E39 /* UserLocation+CoreDataClass.swift */; };
		0D8045F12B8E4E80004F6E39 /* UserLocation+CoreDataProperties.swift in Sources */ = {isa = PBXBuildFile; fileRef = 0D8045F02B8E4E80004F6E39 /* UserLocation+CoreDataProperties.swift */; };
		0D8E43B72B8CCC290057100C /* InteractorInterface.swift in Sources */ = {isa = PBXBuildFile; fileRef = 0D8E43B12B8CCC280057100C /* InteractorInterface.swift */; };
		0D8E43B82B8CCC290057100C /* FormatterInterface.swift in Sources */ = {isa = PBXBuildFile; fileRef = 0D8E43B22B8CCC280057100C /* FormatterInterface.swift */; };
		0D8E43B92B8CCC290057100C /* BaseWireframe.swift in Sources */ = {isa = PBXBuildFile; fileRef = 0D8E43B32B8CCC280057100C /* BaseWireframe.swift */; };
		0D8E43BA2B8CCC290057100C /* UIStoryboardExtension.swift in Sources */ = {isa = PBXBuildFile; fileRef = 0D8E43B42B8CCC290057100C /* UIStoryboardExtension.swift */; };
		0D8E43BB2B8CCC290057100C /* ViewInterface.swift in Sources */ = {isa = PBXBuildFile; fileRef = 0D8E43B52B8CCC290057100C /* ViewInterface.swift */; };
		0D8E43BC2B8CCC290057100C /* PresenterInterface.swift in Sources */ = {isa = PBXBuildFile; fileRef = 0D8E43B62B8CCC290057100C /* PresenterInterface.swift */; };
		0D8E441B2B8CD0310057100C /* SplashViewController.swift in Sources */ = {isa = PBXBuildFile; fileRef = 0D8E44162B8CD0310057100C /* SplashViewController.swift */; };
		0D8E441C2B8CD0310057100C /* SplashPresenter.swift in Sources */ = {isa = PBXBuildFile; fileRef = 0D8E44172B8CD0310057100C /* SplashPresenter.swift */; };
		0D8E441D2B8CD0310057100C /* SplashRouter.swift in Sources */ = {isa = PBXBuildFile; fileRef = 0D8E44182B8CD0310057100C /* SplashRouter.swift */; };
		0D8E441E2B8CD0310057100C /* SplashInteractor.swift in Sources */ = {isa = PBXBuildFile; fileRef = 0D8E44192B8CD0310057100C /* SplashInteractor.swift */; };
		0D8E441F2B8CD0310057100C /* SplashViewController.xib in Resources */ = {isa = PBXBuildFile; fileRef = 0D8E441A2B8CD0310057100C /* SplashViewController.xib */; };
		0D8E44222B8CD0F30057100C /* BaseViewController.swift in Sources */ = {isa = PBXBuildFile; fileRef = 0D8E44212B8CD0F30057100C /* BaseViewController.swift */; };
		0D8E44262B8CD5980057100C /* Main.storyboard in Resources */ = {isa = PBXBuildFile; fileRef = 0D8E44242B8CD5980057100C /* Main.storyboard */; };
		0D8E44282B8CD6700057100C /* AppDelegate+Init.swift in Sources */ = {isa = PBXBuildFile; fileRef = 0D8E44272B8CD6700057100C /* AppDelegate+Init.swift */; };
		0D8E442B2B8CD8060057100C /* Logging.swift in Sources */ = {isa = PBXBuildFile; fileRef = 0D8E442A2B8CD8060057100C /* Logging.swift */; };
		0D8E455A2B8CE7880057100C /* Networking.framework in Frameworks */ = {isa = PBXBuildFile; fileRef = 0D8E45592B8CE7880057100C /* Networking.framework */; };
		0D8E455B2B8CE7880057100C /* Networking.framework in Embed Frameworks */ = {isa = PBXBuildFile; fileRef = 0D8E45592B8CE7880057100C /* Networking.framework */; settings = {ATTRIBUTES = (CodeSignOnCopy, RemoveHeadersOnCopy, ); }; };
		0D8E45862B8D00CD0057100C /* ConnectionManager.swift in Sources */ = {isa = PBXBuildFile; fileRef = 0D8E45852B8D00CD0057100C /* ConnectionManager.swift */; };
		0D8E45882B8D017C0057100C /* Reachability.swift in Sources */ = {isa = PBXBuildFile; fileRef = 0D8E45872B8D017C0057100C /* Reachability.swift */; };
		0D8E45A12B8D132B0057100C /* DashboardInteractor.swift in Sources */ = {isa = PBXBuildFile; fileRef = 0D8E45A02B8D132B0057100C /* DashboardInteractor.swift */; };
		0D8E45A32B8D145E0057100C /* DashboardPresenter.swift in Sources */ = {isa = PBXBuildFile; fileRef = 0D8E45A22B8D145E0057100C /* DashboardPresenter.swift */; };
		0D8E45A52B8D14DD0057100C /* DashboardViewController.swift in Sources */ = {isa = PBXBuildFile; fileRef = 0D8E45A42B8D14DD0057100C /* DashboardViewController.swift */; };
		0D8E45A72B8D15860057100C /* DashboardRouter.swift in Sources */ = {isa = PBXBuildFile; fileRef = 0D8E45A62B8D15860057100C /* DashboardRouter.swift */; };
		0D8E45D22B8D18AF0057100C /* Components.framework in Frameworks */ = {isa = PBXBuildFile; fileRef = 0D8E45D12B8D18AF0057100C /* Components.framework */; };
		0D8E45D32B8D18AF0057100C /* Components.framework in Embed Frameworks */ = {isa = PBXBuildFile; fileRef = 0D8E45D12B8D18AF0057100C /* Components.framework */; settings = {ATTRIBUTES = (CodeSignOnCopy, RemoveHeadersOnCopy, ); }; };
		0D8E45D52B8D20C00057100C /* DashboardViewController.xib in Resources */ = {isa = PBXBuildFile; fileRef = 0D8E45D42B8D20C00057100C /* DashboardViewController.xib */; };
		0D9D1B052B90D18200316D94 /* WeatherDayCell.swift in Sources */ = {isa = PBXBuildFile; fileRef = 0D9D1B032B90D18200316D94 /* WeatherDayCell.swift */; };
		0D9D1B062B90D18200316D94 /* WeatherDayCell.xib in Resources */ = {isa = PBXBuildFile; fileRef = 0D9D1B042B90D18200316D94 /* WeatherDayCell.xib */; };
		7094A60B6F74F31C78006326 /* Pods_WeatherApp.framework in Frameworks */ = {isa = PBXBuildFile; fileRef = FBB2D93161002654FB49C17C /* Pods_WeatherApp.framework */; };
		87008D4A3C9438708E0DC3D2 /* Pods_WeatherAppTests.framework in Frameworks */ = {isa = PBXBuildFile; fileRef = D533334AECC7DA826F464ADF /* Pods_WeatherAppTests.framework */; };
		CC716132290CB77C7B327E3B /* Pods_WeatherApp_WeatherAppUITests.framework in Frameworks */ = {isa = PBXBuildFile; fileRef = 13F6B8718832F42165DFA320 /* Pods_WeatherApp_WeatherAppUITests.framework */; };
/* End PBXBuildFile section */

/* Begin PBXContainerItemProxy section */
		0D2D265E2B8C95FE008EB605 /* PBXContainerItemProxy */ = {
			isa = PBXContainerItemProxy;
			containerPortal = 0D2D263C2B8C95FA008EB605 /* Project object */;
			proxyType = 1;
			remoteGlobalIDString = 0D2D26432B8C95FA008EB605;
			remoteInfo = WeatherApp;
		};
		0D2D26682B8C95FE008EB605 /* PBXContainerItemProxy */ = {
			isa = PBXContainerItemProxy;
			containerPortal = 0D2D263C2B8C95FA008EB605 /* Project object */;
			proxyType = 1;
			remoteGlobalIDString = 0D2D26432B8C95FA008EB605;
			remoteInfo = WeatherApp;
		};
/* End PBXContainerItemProxy section */

/* Begin PBXCopyFilesBuildPhase section */
		0D8E455C2B8CE7880057100C /* Embed Frameworks */ = {
			isa = PBXCopyFilesBuildPhase;
			buildActionMask = 2147483647;
			dstPath = "";
			dstSubfolderSpec = 10;
			files = (
				0D8045DF2B8D3EED004F6E39 /* LocationService.framework in Embed Frameworks */,
				0D8E45D32B8D18AF0057100C /* Components.framework in Embed Frameworks */,
				0D8E455B2B8CE7880057100C /* Networking.framework in Embed Frameworks */,
			);
			name = "Embed Frameworks";
			runOnlyForDeploymentPostprocessing = 0;
		};
/* End PBXCopyFilesBuildPhase section */

/* Begin PBXFileReference section */
		0D23195C2B8E7B1400F969DD /* Date+WeatherApp.swift */ = {isa = PBXFileReference; lastKnownFileType = sourcecode.swift; path = "Date+WeatherApp.swift"; sourceTree = "<group>"; };
		0D23195E2B8E7B4500F969DD /* String+Helpers.swift */ = {isa = PBXFileReference; lastKnownFileType = sourcecode.swift; path = "String+Helpers.swift"; sourceTree = "<group>"; };
		0D2319602B8E7B9D00F969DD /* DateFormatter+WeatherApp.swift */ = {isa = PBXFileReference; lastKnownFileType = sourcecode.swift; path = "DateFormatter+WeatherApp.swift"; sourceTree = "<group>"; };
		0D2319622B8E8F7300F969DD /* Extensions+UIView.swift */ = {isa = PBXFileReference; lastKnownFileType = sourcecode.swift; path = "Extensions+UIView.swift"; sourceTree = "<group>"; };
		0D2D26442B8C95FA008EB605 /* WeatherApp.app */ = {isa = PBXFileReference; explicitFileType = wrapper.application; includeInIndex = 0; path = WeatherApp.app; sourceTree = BUILT_PRODUCTS_DIR; };
		0D2D26472B8C95FA008EB605 /* AppDelegate.swift */ = {isa = PBXFileReference; lastKnownFileType = sourcecode.swift; path = AppDelegate.swift; sourceTree = "<group>"; };
		0D2D26492B8C95FA008EB605 /* SceneDelegate.swift */ = {isa = PBXFileReference; lastKnownFileType = sourcecode.swift; path = SceneDelegate.swift; sourceTree = "<group>"; };
		0D2D26512B8C95FA008EB605 /* WeatherApp.xcdatamodel */ = {isa = PBXFileReference; lastKnownFileType = wrapper.xcdatamodel; path = WeatherApp.xcdatamodel; sourceTree = "<group>"; };
		0D2D26532B8C95FE008EB605 /* Assets.xcassets */ = {isa = PBXFileReference; lastKnownFileType = folder.assetcatalog; path = Assets.xcassets; sourceTree = "<group>"; };
		0D2D26562B8C95FE008EB605 /* Base */ = {isa = PBXFileReference; lastKnownFileType = file.storyboard; name = Base; path = Base.lproj/LaunchScreen.storyboard; sourceTree = "<group>"; };
		0D2D26582B8C95FE008EB605 /* Info.plist */ = {isa = PBXFileReference; lastKnownFileType = text.plist.xml; path = Info.plist; sourceTree = "<group>"; };
		0D2D265D2B8C95FE008EB605 /* WeatherAppTests.xctest */ = {isa = PBXFileReference; explicitFileType = wrapper.cfbundle; includeInIndex = 0; path = WeatherAppTests.xctest; sourceTree = BUILT_PRODUCTS_DIR; };
		0D2D26612B8C95FE008EB605 /* WeatherAppTests.swift */ = {isa = PBXFileReference; lastKnownFileType = sourcecode.swift; path = WeatherAppTests.swift; sourceTree = "<group>"; };
		0D2D26672B8C95FE008EB605 /* WeatherAppUITests.xctest */ = {isa = PBXFileReference; explicitFileType = wrapper.cfbundle; includeInIndex = 0; path = WeatherAppUITests.xctest; sourceTree = BUILT_PRODUCTS_DIR; };
		0D2D266B2B8C95FE008EB605 /* WeatherAppUITests.swift */ = {isa = PBXFileReference; lastKnownFileType = sourcecode.swift; path = WeatherAppUITests.swift; sourceTree = "<group>"; };
		0D2D266D2B8C95FE008EB605 /* WeatherAppUITestsLaunchTests.swift */ = {isa = PBXFileReference; lastKnownFileType = sourcecode.swift; path = WeatherAppUITestsLaunchTests.swift; sourceTree = "<group>"; };
		0D8045DD2B8D3EED004F6E39 /* LocationService.framework */ = {isa = PBXFileReference; explicitFileType = wrapper.framework; path = LocationService.framework; sourceTree = BUILT_PRODUCTS_DIR; };
		0D8045E22B8D41B1004F6E39 /* WeatherRequest+CLLocation.swift */ = {isa = PBXFileReference; lastKnownFileType = sourcecode.swift; path = "WeatherRequest+CLLocation.swift"; sourceTree = "<group>"; };
		0D8045E52B8DED4C004F6E39 /* CoreLocationDataManager.swift */ = {isa = PBXFileReference; lastKnownFileType = sourcecode.swift; path = CoreLocationDataManager.swift; sourceTree = "<group>"; };
		0D8045E72B8DF3CA004F6E39 /* Extension+NSManagedObject.swift */ = {isa = PBXFileReference; lastKnownFileType = sourcecode.swift; path = "Extension+NSManagedObject.swift"; sourceTree = "<group>"; };
		0D8045EE2B8E4E58004F6E39 /* UserLocation+CoreDataClass.swift */ = {isa = PBXFileReference; lastKnownFileType = sourcecode.swift; path = "UserLocation+CoreDataClass.swift"; sourceTree = "<group>"; };
		0D8045F02B8E4E80004F6E39 /* UserLocation+CoreDataProperties.swift */ = {isa = PBXFileReference; lastKnownFileType = sourcecode.swift; path = "UserLocation+CoreDataProperties.swift"; sourceTree = "<group>"; };
		0D8E43AC2B8CCBB00057100C /* Splash.framework */ = {isa = PBXFileReference; explicitFileType = wrapper.framework; path = Splash.framework; sourceTree = BUILT_PRODUCTS_DIR; };
		0D8E43B12B8CCC280057100C /* InteractorInterface.swift */ = {isa = PBXFileReference; fileEncoding = 4; lastKnownFileType = sourcecode.swift; path = InteractorInterface.swift; sourceTree = "<group>"; };
		0D8E43B22B8CCC280057100C /* FormatterInterface.swift */ = {isa = PBXFileReference; fileEncoding = 4; lastKnownFileType = sourcecode.swift; path = FormatterInterface.swift; sourceTree = "<group>"; };
		0D8E43B32B8CCC280057100C /* BaseWireframe.swift */ = {isa = PBXFileReference; fileEncoding = 4; lastKnownFileType = sourcecode.swift; path = BaseWireframe.swift; sourceTree = "<group>"; };
		0D8E43B42B8CCC290057100C /* UIStoryboardExtension.swift */ = {isa = PBXFileReference; fileEncoding = 4; lastKnownFileType = sourcecode.swift; path = UIStoryboardExtension.swift; sourceTree = "<group>"; };
		0D8E43B52B8CCC290057100C /* ViewInterface.swift */ = {isa = PBXFileReference; fileEncoding = 4; lastKnownFileType = sourcecode.swift; path = ViewInterface.swift; sourceTree = "<group>"; };
		0D8E43B62B8CCC290057100C /* PresenterInterface.swift */ = {isa = PBXFileReference; fileEncoding = 4; lastKnownFileType = sourcecode.swift; path = PresenterInterface.swift; sourceTree = "<group>"; };
		0D8E44162B8CD0310057100C /* SplashViewController.swift */ = {isa = PBXFileReference; fileEncoding = 4; lastKnownFileType = sourcecode.swift; path = SplashViewController.swift; sourceTree = "<group>"; };
		0D8E44172B8CD0310057100C /* SplashPresenter.swift */ = {isa = PBXFileReference; fileEncoding = 4; lastKnownFileType = sourcecode.swift; path = SplashPresenter.swift; sourceTree = "<group>"; };
		0D8E44182B8CD0310057100C /* SplashRouter.swift */ = {isa = PBXFileReference; fileEncoding = 4; lastKnownFileType = sourcecode.swift; path = SplashRouter.swift; sourceTree = "<group>"; };
		0D8E44192B8CD0310057100C /* SplashInteractor.swift */ = {isa = PBXFileReference; fileEncoding = 4; lastKnownFileType = sourcecode.swift; path = SplashInteractor.swift; sourceTree = "<group>"; };
		0D8E441A2B8CD0310057100C /* SplashViewController.xib */ = {isa = PBXFileReference; fileEncoding = 4; lastKnownFileType = file.xib; path = SplashViewController.xib; sourceTree = "<group>"; };
		0D8E44212B8CD0F30057100C /* BaseViewController.swift */ = {isa = PBXFileReference; lastKnownFileType = sourcecode.swift; path = BaseViewController.swift; sourceTree = "<group>"; };
		0D8E44252B8CD5980057100C /* Base */ = {isa = PBXFileReference; lastKnownFileType = file.storyboard; name = Base; path = Base.lproj/Main.storyboard; sourceTree = "<group>"; };
		0D8E44272B8CD6700057100C /* AppDelegate+Init.swift */ = {isa = PBXFileReference; lastKnownFileType = sourcecode.swift; path = "AppDelegate+Init.swift"; sourceTree = "<group>"; };
		0D8E442A2B8CD8060057100C /* Logging.swift */ = {isa = PBXFileReference; lastKnownFileType = sourcecode.swift; path = Logging.swift; sourceTree = "<group>"; };
		0D8E45592B8CE7880057100C /* Networking.framework */ = {isa = PBXFileReference; explicitFileType = wrapper.framework; path = Networking.framework; sourceTree = BUILT_PRODUCTS_DIR; };
		0D8E45852B8D00CD0057100C /* ConnectionManager.swift */ = {isa = PBXFileReference; lastKnownFileType = sourcecode.swift; path = ConnectionManager.swift; sourceTree = "<group>"; };
		0D8E45872B8D017C0057100C /* Reachability.swift */ = {isa = PBXFileReference; lastKnownFileType = sourcecode.swift; path = Reachability.swift; sourceTree = "<group>"; };
		0D8E45A02B8D132B0057100C /* DashboardInteractor.swift */ = {isa = PBXFileReference; lastKnownFileType = sourcecode.swift; path = DashboardInteractor.swift; sourceTree = "<group>"; };
		0D8E45A22B8D145E0057100C /* DashboardPresenter.swift */ = {isa = PBXFileReference; lastKnownFileType = sourcecode.swift; path = DashboardPresenter.swift; sourceTree = "<group>"; };
		0D8E45A42B8D14DD0057100C /* DashboardViewController.swift */ = {isa = PBXFileReference; lastKnownFileType = sourcecode.swift; path = DashboardViewController.swift; sourceTree = "<group>"; };
		0D8E45A62B8D15860057100C /* DashboardRouter.swift */ = {isa = PBXFileReference; lastKnownFileType = sourcecode.swift; path = DashboardRouter.swift; sourceTree = "<group>"; };
		0D8E45D12B8D18AF0057100C /* Components.framework */ = {isa = PBXFileReference; explicitFileType = wrapper.framework; path = Components.framework; sourceTree = BUILT_PRODUCTS_DIR; };
		0D8E45D42B8D20C00057100C /* DashboardViewController.xib */ = {isa = PBXFileReference; fileEncoding = 4; lastKnownFileType = file.xib; path = DashboardViewController.xib; sourceTree = "<group>"; };
		0D9D1B032B90D18200316D94 /* WeatherDayCell.swift */ = {isa = PBXFileReference; lastKnownFileType = sourcecode.swift; path = WeatherDayCell.swift; sourceTree = "<group>"; };
		0D9D1B042B90D18200316D94 /* WeatherDayCell.xib */ = {isa = PBXFileReference; lastKnownFileType = file.xib; path = WeatherDayCell.xib; sourceTree = "<group>"; };
		13F6B8718832F42165DFA320 /* Pods_WeatherApp_WeatherAppUITests.framework */ = {isa = PBXFileReference; explicitFileType = wrapper.framework; includeInIndex = 0; path = Pods_WeatherApp_WeatherAppUITests.framework; sourceTree = BUILT_PRODUCTS_DIR; };
		2A129DF129E022C9B42EB398 /* Pods-WeatherApp-WeatherAppUITests.release.xcconfig */ = {isa = PBXFileReference; includeInIndex = 1; lastKnownFileType = text.xcconfig; name = "Pods-WeatherApp-WeatherAppUITests.release.xcconfig"; path = "Target Support Files/Pods-WeatherApp-WeatherAppUITests/Pods-WeatherApp-WeatherAppUITests.release.xcconfig"; sourceTree = "<group>"; };
		629EBF6587BA09E3C7A42501 /* Pods-WeatherApp-WeatherAppUITests.debug.xcconfig */ = {isa = PBXFileReference; includeInIndex = 1; lastKnownFileType = text.xcconfig; name = "Pods-WeatherApp-WeatherAppUITests.debug.xcconfig"; path = "Target Support Files/Pods-WeatherApp-WeatherAppUITests/Pods-WeatherApp-WeatherAppUITests.debug.xcconfig"; sourceTree = "<group>"; };
		7AC531B4A84C1DFF4FE683A0 /* Pods-WeatherAppTests.debug.xcconfig */ = {isa = PBXFileReference; includeInIndex = 1; lastKnownFileType = text.xcconfig; name = "Pods-WeatherAppTests.debug.xcconfig"; path = "Target Support Files/Pods-WeatherAppTests/Pods-WeatherAppTests.debug.xcconfig"; sourceTree = "<group>"; };
		B0CEF4F9019AC003E1A15BF6 /* Pods-WeatherAppTests.release.xcconfig */ = {isa = PBXFileReference; includeInIndex = 1; lastKnownFileType = text.xcconfig; name = "Pods-WeatherAppTests.release.xcconfig"; path = "Target Support Files/Pods-WeatherAppTests/Pods-WeatherAppTests.release.xcconfig"; sourceTree = "<group>"; };
		B319B1D0E29CD8E224F018DF /* Pods-WeatherApp.release.xcconfig */ = {isa = PBXFileReference; includeInIndex = 1; lastKnownFileType = text.xcconfig; name = "Pods-WeatherApp.release.xcconfig"; path = "Target Support Files/Pods-WeatherApp/Pods-WeatherApp.release.xcconfig"; sourceTree = "<group>"; };
		D533334AECC7DA826F464ADF /* Pods_WeatherAppTests.framework */ = {isa = PBXFileReference; explicitFileType = wrapper.framework; includeInIndex = 0; path = Pods_WeatherAppTests.framework; sourceTree = BUILT_PRODUCTS_DIR; };
		EA2016476BEF095C544D5F54 /* Pods-WeatherApp.debug.xcconfig */ = {isa = PBXFileReference; includeInIndex = 1; lastKnownFileType = text.xcconfig; name = "Pods-WeatherApp.debug.xcconfig"; path = "Target Support Files/Pods-WeatherApp/Pods-WeatherApp.debug.xcconfig"; sourceTree = "<group>"; };
		FBB2D93161002654FB49C17C /* Pods_WeatherApp.framework */ = {isa = PBXFileReference; explicitFileType = wrapper.framework; includeInIndex = 0; path = Pods_WeatherApp.framework; sourceTree = BUILT_PRODUCTS_DIR; };
/* End PBXFileReference section */

/* Begin PBXFrameworksBuildPhase section */
		0D2D26412B8C95FA008EB605 /* Frameworks */ = {
			isa = PBXFrameworksBuildPhase;
			buildActionMask = 2147483647;
			files = (
				0D8E455A2B8CE7880057100C /* Networking.framework in Frameworks */,
				0D8E45D22B8D18AF0057100C /* Components.framework in Frameworks */,
				7094A60B6F74F31C78006326 /* Pods_WeatherApp.framework in Frameworks */,
				0D8045DE2B8D3EED004F6E39 /* LocationService.framework in Frameworks */,
			);
			runOnlyForDeploymentPostprocessing = 0;
		};
		0D2D265A2B8C95FE008EB605 /* Frameworks */ = {
			isa = PBXFrameworksBuildPhase;
			buildActionMask = 2147483647;
			files = (
				87008D4A3C9438708E0DC3D2 /* Pods_WeatherAppTests.framework in Frameworks */,
			);
			runOnlyForDeploymentPostprocessing = 0;
		};
		0D2D26642B8C95FE008EB605 /* Frameworks */ = {
			isa = PBXFrameworksBuildPhase;
			buildActionMask = 2147483647;
			files = (
				CC716132290CB77C7B327E3B /* Pods_WeatherApp_WeatherAppUITests.framework in Frameworks */,
			);
			runOnlyForDeploymentPostprocessing = 0;
		};
/* End PBXFrameworksBuildPhase section */

/* Begin PBXGroup section */
		0D2D263B2B8C95FA008EB605 = {
			isa = PBXGroup;
			children = (
				0D2D26462B8C95FA008EB605 /* WeatherApp */,
				0D2D26602B8C95FE008EB605 /* WeatherAppTests */,
				0D2D266A2B8C95FE008EB605 /* WeatherAppUITests */,
				0D2D26452B8C95FA008EB605 /* Products */,
				4E17B79CE6D18A17527B4AE0 /* Pods */,
				5E002269266C8CBD25337E38 /* Frameworks */,
			);
			sourceTree = "<group>";
		};
		0D2D26452B8C95FA008EB605 /* Products */ = {
			isa = PBXGroup;
			children = (
				0D2D26442B8C95FA008EB605 /* WeatherApp.app */,
				0D2D265D2B8C95FE008EB605 /* WeatherAppTests.xctest */,
				0D2D26672B8C95FE008EB605 /* WeatherAppUITests.xctest */,
			);
			name = Products;
			sourceTree = "<group>";
		};
		0D2D26462B8C95FA008EB605 /* WeatherApp */ = {
			isa = PBXGroup;
			children = (
				0D2D267A2B8C967F008EB605 /* App */,
				0D8E43B02B8CCC110057100C /* Common */,
				0D8045E12B8D418F004F6E39 /* Extensions */,
				0D8E44142B8CD0110057100C /* Modules */,
				0D8E44232B8CD35D0057100C /* Resources */,
				0D8045E42B8DEC8D004F6E39 /* Storage */,
				0D8E44292B8CD7F60057100C /* Tools */,
				0D2D26582B8C95FE008EB605 /* Info.plist */,
				0D2D26502B8C95FA008EB605 /* WeatherApp.xcdatamodeld */,
			);
			path = WeatherApp;
			sourceTree = "<group>";
		};
		0D2D26602B8C95FE008EB605 /* WeatherAppTests */ = {
			isa = PBXGroup;
			children = (
				0D2D26612B8C95FE008EB605 /* WeatherAppTests.swift */,
			);
			path = WeatherAppTests;
			sourceTree = "<group>";
		};
		0D2D266A2B8C95FE008EB605 /* WeatherAppUITests */ = {
			isa = PBXGroup;
			children = (
				0D2D266B2B8C95FE008EB605 /* WeatherAppUITests.swift */,
				0D2D266D2B8C95FE008EB605 /* WeatherAppUITestsLaunchTests.swift */,
			);
			path = WeatherAppUITests;
			sourceTree = "<group>";
		};
		0D2D267A2B8C967F008EB605 /* App */ = {
			isa = PBXGroup;
			children = (
				0D2D26492B8C95FA008EB605 /* SceneDelegate.swift */,
				0D2D26472B8C95FA008EB605 /* AppDelegate.swift */,
				0D8E44272B8CD6700057100C /* AppDelegate+Init.swift */,
			);
			path = App;
			sourceTree = "<group>";
		};
		0D8045E12B8D418F004F6E39 /* Extensions */ = {
			isa = PBXGroup;
			children = (
				0D8045E22B8D41B1004F6E39 /* WeatherRequest+CLLocation.swift */,
				0D23195C2B8E7B1400F969DD /* Date+WeatherApp.swift */,
				0D23195E2B8E7B4500F969DD /* String+Helpers.swift */,
				0D2319602B8E7B9D00F969DD /* DateFormatter+WeatherApp.swift */,
				0D2319622B8E8F7300F969DD /* Extensions+UIView.swift */,
			);
			path = Extensions;
			sourceTree = "<group>";
		};
		0D8045E42B8DEC8D004F6E39 /* Storage */ = {
			isa = PBXGroup;
			children = (
				0D8045EC2B8E488F004F6E39 /* Extensions */,
				0D8045E92B8E12C1004F6E39 /* Model */,
				0D8045ED2B8E489E004F6E39 /* CoreLocationDataManager */,
			);
			path = Storage;
			sourceTree = "<group>";
		};
		0D8045E92B8E12C1004F6E39 /* Model */ = {
			isa = PBXGroup;
			children = (
				0D8045EE2B8E4E58004F6E39 /* UserLocation+CoreDataClass.swift */,
				0D8045F02B8E4E80004F6E39 /* UserLocation+CoreDataProperties.swift */,
			);
			path = Model;
			sourceTree = "<group>";
		};
		0D8045EC2B8E488F004F6E39 /* Extensions */ = {
			isa = PBXGroup;
			children = (
				0D8045E72B8DF3CA004F6E39 /* Extension+NSManagedObject.swift */,
			);
			path = Extensions;
			sourceTree = "<group>";
		};
		0D8045ED2B8E489E004F6E39 /* CoreLocationDataManager */ = {
			isa = PBXGroup;
			children = (
				0D8045E52B8DED4C004F6E39 /* CoreLocationDataManager.swift */,
			);
			path = CoreLocationDataManager;
			sourceTree = "<group>";
		};
		0D8E43B02B8CCC110057100C /* Common */ = {
			isa = PBXGroup;
			children = (
				0D8E44212B8CD0F30057100C /* BaseViewController.swift */,
				0D8E43B32B8CCC280057100C /* BaseWireframe.swift */,
				0D8E43B22B8CCC280057100C /* FormatterInterface.swift */,
				0D8E43B12B8CCC280057100C /* InteractorInterface.swift */,
				0D8E43B62B8CCC290057100C /* PresenterInterface.swift */,
				0D8E43B42B8CCC290057100C /* UIStoryboardExtension.swift */,
				0D8E43B52B8CCC290057100C /* ViewInterface.swift */,
			);
			path = Common;
			sourceTree = "<group>";
		};
		0D8E44142B8CD0110057100C /* Modules */ = {
			isa = PBXGroup;
			children = (
				0D9D1B022B90D16000316D94 /* Components */,
				0D8E459F2B8D130A0057100C /* Dashboard */,
				0D8E44152B8CD0310057100C /* Splash */,
			);
			path = Modules;
			sourceTree = "<group>";
		};
		0D8E44152B8CD0310057100C /* Splash */ = {
			isa = PBXGroup;
			children = (
				0D8E44162B8CD0310057100C /* SplashViewController.swift */,
				0D8E44172B8CD0310057100C /* SplashPresenter.swift */,
				0D8E44182B8CD0310057100C /* SplashRouter.swift */,
				0D8E44192B8CD0310057100C /* SplashInteractor.swift */,
				0D8E441A2B8CD0310057100C /* SplashViewController.xib */,
			);
			path = Splash;
			sourceTree = "<group>";
		};
		0D8E44232B8CD35D0057100C /* Resources */ = {
			isa = PBXGroup;
			children = (
				0D8E44242B8CD5980057100C /* Main.storyboard */,
				0D2D26532B8C95FE008EB605 /* Assets.xcassets */,
				0D2D26552B8C95FE008EB605 /* LaunchScreen.storyboard */,
			);
			path = Resources;
			sourceTree = "<group>";
		};
		0D8E44292B8CD7F60057100C /* Tools */ = {
			isa = PBXGroup;
			children = (
				0D8E442A2B8CD8060057100C /* Logging.swift */,
				0D8E45852B8D00CD0057100C /* ConnectionManager.swift */,
				0D8E45872B8D017C0057100C /* Reachability.swift */,
			);
			path = Tools;
			sourceTree = "<group>";
		};
		0D8E459F2B8D130A0057100C /* Dashboard */ = {
			isa = PBXGroup;
			children = (
				0D8E45D42B8D20C00057100C /* DashboardViewController.xib */,
				0D8E45A02B8D132B0057100C /* DashboardInteractor.swift */,
				0D8E45A22B8D145E0057100C /* DashboardPresenter.swift */,
				0D8E45A42B8D14DD0057100C /* DashboardViewController.swift */,
				0D8E45A62B8D15860057100C /* DashboardRouter.swift */,
			);
			path = Dashboard;
			sourceTree = "<group>";
		};
		0D9D1B022B90D16000316D94 /* Components */ = {
			isa = PBXGroup;
			children = (
				0D9D1B072B90D18600316D94 /* WeatherDayCell */,
			);
			path = Components;
			sourceTree = "<group>";
		};
		0D9D1B072B90D18600316D94 /* WeatherDayCell */ = {
			isa = PBXGroup;
			children = (
				0D9D1B032B90D18200316D94 /* WeatherDayCell.swift */,
				0D9D1B042B90D18200316D94 /* WeatherDayCell.xib */,
			);
			path = WeatherDayCell;
			sourceTree = "<group>";
		};
		4E17B79CE6D18A17527B4AE0 /* Pods */ = {
			isa = PBXGroup;
			children = (
				EA2016476BEF095C544D5F54 /* Pods-WeatherApp.debug.xcconfig */,
				B319B1D0E29CD8E224F018DF /* Pods-WeatherApp.release.xcconfig */,
				629EBF6587BA09E3C7A42501 /* Pods-WeatherApp-WeatherAppUITests.debug.xcconfig */,
				2A129DF129E022C9B42EB398 /* Pods-WeatherApp-WeatherAppUITests.release.xcconfig */,
				7AC531B4A84C1DFF4FE683A0 /* Pods-WeatherAppTests.debug.xcconfig */,
				B0CEF4F9019AC003E1A15BF6 /* Pods-WeatherAppTests.release.xcconfig */,
			);
			path = Pods;
			sourceTree = "<group>";
		};
		5E002269266C8CBD25337E38 /* Frameworks */ = {
			isa = PBXGroup;
			children = (
				0D8045DD2B8D3EED004F6E39 /* LocationService.framework */,
				0D8E45D12B8D18AF0057100C /* Components.framework */,
				0D8E45592B8CE7880057100C /* Networking.framework */,
				0D8E43AC2B8CCBB00057100C /* Splash.framework */,
				FBB2D93161002654FB49C17C /* Pods_WeatherApp.framework */,
				13F6B8718832F42165DFA320 /* Pods_WeatherApp_WeatherAppUITests.framework */,
				D533334AECC7DA826F464ADF /* Pods_WeatherAppTests.framework */,
			);
			name = Frameworks;
			sourceTree = "<group>";
		};
/* End PBXGroup section */

/* Begin PBXNativeTarget section */
		0D2D26432B8C95FA008EB605 /* WeatherApp */ = {
			isa = PBXNativeTarget;
			buildConfigurationList = 0D2D26712B8C95FE008EB605 /* Build configuration list for PBXNativeTarget "WeatherApp" */;
			buildPhases = (
				91B075352955B4F4D17455C5 /* [CP] Check Pods Manifest.lock */,
				0D2D26402B8C95FA008EB605 /* Sources */,
				0D2D26412B8C95FA008EB605 /* Frameworks */,
				0D2D26422B8C95FA008EB605 /* Resources */,
				860E4879355203FEF9BF081D /* [CP] Embed Pods Frameworks */,
				0D8E455C2B8CE7880057100C /* Embed Frameworks */,
			);
			buildRules = (
			);
			dependencies = (
			);
			name = WeatherApp;
			productName = WeatherApp;
			productReference = 0D2D26442B8C95FA008EB605 /* WeatherApp.app */;
			productType = "com.apple.product-type.application";
		};
		0D2D265C2B8C95FE008EB605 /* WeatherAppTests */ = {
			isa = PBXNativeTarget;
			buildConfigurationList = 0D2D26742B8C95FE008EB605 /* Build configuration list for PBXNativeTarget "WeatherAppTests" */;
			buildPhases = (
				FD081DF8E331BD9CB8A394B7 /* [CP] Check Pods Manifest.lock */,
				0D2D26592B8C95FE008EB605 /* Sources */,
				0D2D265A2B8C95FE008EB605 /* Frameworks */,
				0D2D265B2B8C95FE008EB605 /* Resources */,
			);
			buildRules = (
			);
			dependencies = (
				0D2D265F2B8C95FE008EB605 /* PBXTargetDependency */,
			);
			name = WeatherAppTests;
			productName = WeatherAppTests;
			productReference = 0D2D265D2B8C95FE008EB605 /* WeatherAppTests.xctest */;
			productType = "com.apple.product-type.bundle.unit-test";
		};
		0D2D26662B8C95FE008EB605 /* WeatherAppUITests */ = {
			isa = PBXNativeTarget;
			buildConfigurationList = 0D2D26772B8C95FE008EB605 /* Build configuration list for PBXNativeTarget "WeatherAppUITests" */;
			buildPhases = (
				19C4816125998B1B31B2925F /* [CP] Check Pods Manifest.lock */,
				0D2D26632B8C95FE008EB605 /* Sources */,
				0D2D26642B8C95FE008EB605 /* Frameworks */,
				0D2D26652B8C95FE008EB605 /* Resources */,
				F2E56B20F6C824037EE08273 /* [CP] Embed Pods Frameworks */,
			);
			buildRules = (
			);
			dependencies = (
				0D2D26692B8C95FE008EB605 /* PBXTargetDependency */,
			);
			name = WeatherAppUITests;
			productName = WeatherAppUITests;
			productReference = 0D2D26672B8C95FE008EB605 /* WeatherAppUITests.xctest */;
			productType = "com.apple.product-type.bundle.ui-testing";
		};
/* End PBXNativeTarget section */

/* Begin PBXProject section */
		0D2D263C2B8C95FA008EB605 /* Project object */ = {
			isa = PBXProject;
			attributes = {
				BuildIndependentTargetsInParallel = 1;
				LastSwiftUpdateCheck = 1520;
				LastUpgradeCheck = 1520;
				TargetAttributes = {
					0D2D26432B8C95FA008EB605 = {
						CreatedOnToolsVersion = 15.2;
					};
					0D2D265C2B8C95FE008EB605 = {
						CreatedOnToolsVersion = 15.2;
						TestTargetID = 0D2D26432B8C95FA008EB605;
					};
					0D2D26662B8C95FE008EB605 = {
						CreatedOnToolsVersion = 15.2;
						TestTargetID = 0D2D26432B8C95FA008EB605;
					};
				};
			};
			buildConfigurationList = 0D2D263F2B8C95FA008EB605 /* Build configuration list for PBXProject "WeatherApp" */;
			compatibilityVersion = "Xcode 14.0";
			developmentRegion = en;
			hasScannedForEncodings = 0;
			knownRegions = (
				en,
				Base,
			);
			mainGroup = 0D2D263B2B8C95FA008EB605;
			productRefGroup = 0D2D26452B8C95FA008EB605 /* Products */;
			projectDirPath = "";
			projectRoot = "";
			targets = (
				0D2D26432B8C95FA008EB605 /* WeatherApp */,
				0D2D265C2B8C95FE008EB605 /* WeatherAppTests */,
				0D2D26662B8C95FE008EB605 /* WeatherAppUITests */,
			);
		};
/* End PBXProject section */

/* Begin PBXResourcesBuildPhase section */
		0D2D26422B8C95FA008EB605 /* Resources */ = {
			isa = PBXResourcesBuildPhase;
			buildActionMask = 2147483647;
			files = (
				0D2D26572B8C95FE008EB605 /* LaunchScreen.storyboard in Resources */,
				0D9D1B062B90D18200316D94 /* WeatherDayCell.xib in Resources */,
				0D8E441F2B8CD0310057100C /* SplashViewController.xib in Resources */,
				0D8E45D52B8D20C00057100C /* DashboardViewController.xib in Resources */,
				0D2D26542B8C95FE008EB605 /* Assets.xcassets in Resources */,
				0D8E44262B8CD5980057100C /* Main.storyboard in Resources */,
			);
			runOnlyForDeploymentPostprocessing = 0;
		};
		0D2D265B2B8C95FE008EB605 /* Resources */ = {
			isa = PBXResourcesBuildPhase;
			buildActionMask = 2147483647;
			files = (
			);
			runOnlyForDeploymentPostprocessing = 0;
		};
		0D2D26652B8C95FE008EB605 /* Resources */ = {
			isa = PBXResourcesBuildPhase;
			buildActionMask = 2147483647;
			files = (
			);
			runOnlyForDeploymentPostprocessing = 0;
		};
/* End PBXResourcesBuildPhase section */

/* Begin PBXShellScriptBuildPhase section */
		19C4816125998B1B31B2925F /* [CP] Check Pods Manifest.lock */ = {
			isa = PBXShellScriptBuildPhase;
			buildActionMask = 2147483647;
			files = (
			);
			inputFileListPaths = (
			);
			inputPaths = (
				"${PODS_PODFILE_DIR_PATH}/Podfile.lock",
				"${PODS_ROOT}/Manifest.lock",
			);
			name = "[CP] Check Pods Manifest.lock";
			outputFileListPaths = (
			);
			outputPaths = (
				"$(DERIVED_FILE_DIR)/Pods-WeatherApp-WeatherAppUITests-checkManifestLockResult.txt",
			);
			runOnlyForDeploymentPostprocessing = 0;
			shellPath = /bin/sh;
			shellScript = "diff \"${PODS_PODFILE_DIR_PATH}/Podfile.lock\" \"${PODS_ROOT}/Manifest.lock\" > /dev/null\nif [ $? != 0 ] ; then\n    # print error to STDERR\n    echo \"error: The sandbox is not in sync with the Podfile.lock. Run 'pod install' or update your CocoaPods installation.\" >&2\n    exit 1\nfi\n# This output is used by Xcode 'outputs' to avoid re-running this script phase.\necho \"SUCCESS\" > \"${SCRIPT_OUTPUT_FILE_0}\"\n";
			showEnvVarsInLog = 0;
		};
		860E4879355203FEF9BF081D /* [CP] Embed Pods Frameworks */ = {
			isa = PBXShellScriptBuildPhase;
			buildActionMask = 2147483647;
			files = (
			);
			inputFileListPaths = (
				"${PODS_ROOT}/Target Support Files/Pods-WeatherApp/Pods-WeatherApp-frameworks-${CONFIGURATION}-input-files.xcfilelist",
			);
			name = "[CP] Embed Pods Frameworks";
			outputFileListPaths = (
				"${PODS_ROOT}/Target Support Files/Pods-WeatherApp/Pods-WeatherApp-frameworks-${CONFIGURATION}-output-files.xcfilelist",
			);
			runOnlyForDeploymentPostprocessing = 0;
			shellPath = /bin/sh;
			shellScript = "\"${PODS_ROOT}/Target Support Files/Pods-WeatherApp/Pods-WeatherApp-frameworks.sh\"\n";
			showEnvVarsInLog = 0;
		};
		91B075352955B4F4D17455C5 /* [CP] Check Pods Manifest.lock */ = {
			isa = PBXShellScriptBuildPhase;
			buildActionMask = 2147483647;
			files = (
			);
			inputFileListPaths = (
			);
			inputPaths = (
				"${PODS_PODFILE_DIR_PATH}/Podfile.lock",
				"${PODS_ROOT}/Manifest.lock",
			);
			name = "[CP] Check Pods Manifest.lock";
			outputFileListPaths = (
			);
			outputPaths = (
				"$(DERIVED_FILE_DIR)/Pods-WeatherApp-checkManifestLockResult.txt",
			);
			runOnlyForDeploymentPostprocessing = 0;
			shellPath = /bin/sh;
			shellScript = "diff \"${PODS_PODFILE_DIR_PATH}/Podfile.lock\" \"${PODS_ROOT}/Manifest.lock\" > /dev/null\nif [ $? != 0 ] ; then\n    # print error to STDERR\n    echo \"error: The sandbox is not in sync with the Podfile.lock. Run 'pod install' or update your CocoaPods installation.\" >&2\n    exit 1\nfi\n# This output is used by Xcode 'outputs' to avoid re-running this script phase.\necho \"SUCCESS\" > \"${SCRIPT_OUTPUT_FILE_0}\"\n";
			showEnvVarsInLog = 0;
		};
		F2E56B20F6C824037EE08273 /* [CP] Embed Pods Frameworks */ = {
			isa = PBXShellScriptBuildPhase;
			buildActionMask = 2147483647;
			files = (
			);
			inputFileListPaths = (
				"${PODS_ROOT}/Target Support Files/Pods-WeatherApp-WeatherAppUITests/Pods-WeatherApp-WeatherAppUITests-frameworks-${CONFIGURATION}-input-files.xcfilelist",
			);
			name = "[CP] Embed Pods Frameworks";
			outputFileListPaths = (
				"${PODS_ROOT}/Target Support Files/Pods-WeatherApp-WeatherAppUITests/Pods-WeatherApp-WeatherAppUITests-frameworks-${CONFIGURATION}-output-files.xcfilelist",
			);
			runOnlyForDeploymentPostprocessing = 0;
			shellPath = /bin/sh;
			shellScript = "\"${PODS_ROOT}/Target Support Files/Pods-WeatherApp-WeatherAppUITests/Pods-WeatherApp-WeatherAppUITests-frameworks.sh\"\n";
			showEnvVarsInLog = 0;
		};
		FD081DF8E331BD9CB8A394B7 /* [CP] Check Pods Manifest.lock */ = {
			isa = PBXShellScriptBuildPhase;
			buildActionMask = 2147483647;
			files = (
			);
			inputFileListPaths = (
			);
			inputPaths = (
				"${PODS_PODFILE_DIR_PATH}/Podfile.lock",
				"${PODS_ROOT}/Manifest.lock",
			);
			name = "[CP] Check Pods Manifest.lock";
			outputFileListPaths = (
			);
			outputPaths = (
				"$(DERIVED_FILE_DIR)/Pods-WeatherAppTests-checkManifestLockResult.txt",
			);
			runOnlyForDeploymentPostprocessing = 0;
			shellPath = /bin/sh;
			shellScript = "diff \"${PODS_PODFILE_DIR_PATH}/Podfile.lock\" \"${PODS_ROOT}/Manifest.lock\" > /dev/null\nif [ $? != 0 ] ; then\n    # print error to STDERR\n    echo \"error: The sandbox is not in sync with the Podfile.lock. Run 'pod install' or update your CocoaPods installation.\" >&2\n    exit 1\nfi\n# This output is used by Xcode 'outputs' to avoid re-running this script phase.\necho \"SUCCESS\" > \"${SCRIPT_OUTPUT_FILE_0}\"\n";
			showEnvVarsInLog = 0;
		};
/* End PBXShellScriptBuildPhase section */

/* Begin PBXSourcesBuildPhase section */
		0D2D26402B8C95FA008EB605 /* Sources */ = {
			isa = PBXSourcesBuildPhase;
			buildActionMask = 2147483647;
			files = (
				0D8E43B72B8CCC290057100C /* InteractorInterface.swift in Sources */,
				0D8E45A52B8D14DD0057100C /* DashboardViewController.swift in Sources */,
				0D2319632B8E8F7300F969DD /* Extensions+UIView.swift in Sources */,
				0D23195D2B8E7B1400F969DD /* Date+WeatherApp.swift in Sources */,
				0D8E441D2B8CD0310057100C /* SplashRouter.swift in Sources */,
				0D2D26522B8C95FA008EB605 /* WeatherApp.xcdatamodeld in Sources */,
				0D8E43BB2B8CCC290057100C /* ViewInterface.swift in Sources */,
				0D2D26482B8C95FA008EB605 /* AppDelegate.swift in Sources */,
				0D8045EF2B8E4E58004F6E39 /* UserLocation+CoreDataClass.swift in Sources */,
				0D8E44222B8CD0F30057100C /* BaseViewController.swift in Sources */,
				0D8045E62B8DED4C004F6E39 /* CoreLocationDataManager.swift in Sources */,
				0D8045E32B8D41B1004F6E39 /* WeatherRequest+CLLocation.swift in Sources */,
				0D8E441E2B8CD0310057100C /* SplashInteractor.swift in Sources */,
				0D8045E82B8DF3CA004F6E39 /* Extension+NSManagedObject.swift in Sources */,
				0D2319612B8E7B9D00F969DD /* DateFormatter+WeatherApp.swift in Sources */,
				0D8E441C2B8CD0310057100C /* SplashPresenter.swift in Sources */,
				0D8E45A12B8D132B0057100C /* DashboardInteractor.swift in Sources */,
				0D8045F12B8E4E80004F6E39 /* UserLocation+CoreDataProperties.swift in Sources */,
				0D8E43B92B8CCC290057100C /* BaseWireframe.swift in Sources */,
				0D8E45A32B8D145E0057100C /* DashboardPresenter.swift in Sources */,
				0D8E43B82B8CCC290057100C /* FormatterInterface.swift in Sources */,
				0D2D264A2B8C95FA008EB605 /* SceneDelegate.swift in Sources */,
				0D8E44282B8CD6700057100C /* AppDelegate+Init.swift in Sources */,
				0D8E45862B8D00CD0057100C /* ConnectionManager.swift in Sources */,
				0D8E43BA2B8CCC290057100C /* UIStoryboardExtension.swift in Sources */,
				0D8E45882B8D017C0057100C /* Reachability.swift in Sources */,
				0D23195F2B8E7B4500F969DD /* String+Helpers.swift in Sources */,
				0D8E43BC2B8CCC290057100C /* PresenterInterface.swift in Sources */,
				0D8E441B2B8CD0310057100C /* SplashViewController.swift in Sources */,
				0D9D1B052B90D18200316D94 /* WeatherDayCell.swift in Sources */,
				0D8E442B2B8CD8060057100C /* Logging.swift in Sources */,
				0D8E45A72B8D15860057100C /* DashboardRouter.swift in Sources */,
			);
			runOnlyForDeploymentPostprocessing = 0;
		};
		0D2D26592B8C95FE008EB605 /* Sources */ = {
			isa = PBXSourcesBuildPhase;
			buildActionMask = 2147483647;
			files = (
				0D2D26622B8C95FE008EB605 /* WeatherAppTests.swift in Sources */,
			);
			runOnlyForDeploymentPostprocessing = 0;
		};
		0D2D26632B8C95FE008EB605 /* Sources */ = {
			isa = PBXSourcesBuildPhase;
			buildActionMask = 2147483647;
			files = (
				0D2D266C2B8C95FE008EB605 /* WeatherAppUITests.swift in Sources */,
				0D2D266E2B8C95FE008EB605 /* WeatherAppUITestsLaunchTests.swift in Sources */,
			);
			runOnlyForDeploymentPostprocessing = 0;
		};
/* End PBXSourcesBuildPhase section */

/* Begin PBXTargetDependency section */
		0D2D265F2B8C95FE008EB605 /* PBXTargetDependency */ = {
			isa = PBXTargetDependency;
			target = 0D2D26432B8C95FA008EB605 /* WeatherApp */;
			targetProxy = 0D2D265E2B8C95FE008EB605 /* PBXContainerItemProxy */;
		};
		0D2D26692B8C95FE008EB605 /* PBXTargetDependency */ = {
			isa = PBXTargetDependency;
			target = 0D2D26432B8C95FA008EB605 /* WeatherApp */;
			targetProxy = 0D2D26682B8C95FE008EB605 /* PBXContainerItemProxy */;
		};
/* End PBXTargetDependency section */

/* Begin PBXVariantGroup section */
		0D2D26552B8C95FE008EB605 /* LaunchScreen.storyboard */ = {
			isa = PBXVariantGroup;
			children = (
				0D2D26562B8C95FE008EB605 /* Base */,
			);
			name = LaunchScreen.storyboard;
			sourceTree = "<group>";
		};
		0D8E44242B8CD5980057100C /* Main.storyboard */ = {
			isa = PBXVariantGroup;
			children = (
				0D8E44252B8CD5980057100C /* Base */,
			);
			name = Main.storyboard;
			sourceTree = "<group>";
		};
/* End PBXVariantGroup section */

/* Begin XCBuildConfiguration section */
		0D2D266F2B8C95FE008EB605 /* Debug */ = {
			isa = XCBuildConfiguration;
			buildSettings = {
				ALWAYS_SEARCH_USER_PATHS = NO;
				ASSETCATALOG_COMPILER_GENERATE_SWIFT_ASSET_SYMBOL_EXTENSIONS = YES;
				CLANG_ANALYZER_NONNULL = YES;
				CLANG_ANALYZER_NUMBER_OBJECT_CONVERSION = YES_AGGRESSIVE;
				CLANG_CXX_LANGUAGE_STANDARD = "gnu++20";
				CLANG_ENABLE_MODULES = YES;
				CLANG_ENABLE_OBJC_ARC = YES;
				CLANG_ENABLE_OBJC_WEAK = YES;
				CLANG_WARN_BLOCK_CAPTURE_AUTORELEASING = YES;
				CLANG_WARN_BOOL_CONVERSION = YES;
				CLANG_WARN_COMMA = YES;
				CLANG_WARN_CONSTANT_CONVERSION = YES;
				CLANG_WARN_DEPRECATED_OBJC_IMPLEMENTATIONS = YES;
				CLANG_WARN_DIRECT_OBJC_ISA_USAGE = YES_ERROR;
				CLANG_WARN_DOCUMENTATION_COMMENTS = YES;
				CLANG_WARN_EMPTY_BODY = YES;
				CLANG_WARN_ENUM_CONVERSION = YES;
				CLANG_WARN_INFINITE_RECURSION = YES;
				CLANG_WARN_INT_CONVERSION = YES;
				CLANG_WARN_NON_LITERAL_NULL_CONVERSION = YES;
				CLANG_WARN_OBJC_IMPLICIT_RETAIN_SELF = YES;
				CLANG_WARN_OBJC_LITERAL_CONVERSION = YES;
				CLANG_WARN_OBJC_ROOT_CLASS = YES_ERROR;
				CLANG_WARN_QUOTED_INCLUDE_IN_FRAMEWORK_HEADER = YES;
				CLANG_WARN_RANGE_LOOP_ANALYSIS = YES;
				CLANG_WARN_STRICT_PROTOTYPES = YES;
				CLANG_WARN_SUSPICIOUS_MOVE = YES;
				CLANG_WARN_UNGUARDED_AVAILABILITY = YES_AGGRESSIVE;
				CLANG_WARN_UNREACHABLE_CODE = YES;
				CLANG_WARN__DUPLICATE_METHOD_MATCH = YES;
				COPY_PHASE_STRIP = NO;
				DEBUG_INFORMATION_FORMAT = dwarf;
				ENABLE_STRICT_OBJC_MSGSEND = YES;
				ENABLE_TESTABILITY = YES;
				ENABLE_USER_SCRIPT_SANDBOXING = YES;
				GCC_C_LANGUAGE_STANDARD = gnu17;
				GCC_DYNAMIC_NO_PIC = NO;
				GCC_NO_COMMON_BLOCKS = YES;
				GCC_OPTIMIZATION_LEVEL = 0;
				GCC_PREPROCESSOR_DEFINITIONS = (
					"DEBUG=1",
					"$(inherited)",
				);
				GCC_WARN_64_TO_32_BIT_CONVERSION = YES;
				GCC_WARN_ABOUT_RETURN_TYPE = YES_ERROR;
				GCC_WARN_UNDECLARED_SELECTOR = YES;
				GCC_WARN_UNINITIALIZED_AUTOS = YES_AGGRESSIVE;
				GCC_WARN_UNUSED_FUNCTION = YES;
				GCC_WARN_UNUSED_VARIABLE = YES;
				IPHONEOS_DEPLOYMENT_TARGET = 17.2;
				LOCALIZATION_PREFERS_STRING_CATALOGS = YES;
				MTL_ENABLE_DEBUG_INFO = INCLUDE_SOURCE;
				MTL_FAST_MATH = YES;
				ONLY_ACTIVE_ARCH = YES;
				SDKROOT = iphoneos;
				SWIFT_ACTIVE_COMPILATION_CONDITIONS = "DEBUG $(inherited)";
				SWIFT_OPTIMIZATION_LEVEL = "-Onone";
			};
			name = Debug;
		};
		0D2D26702B8C95FE008EB605 /* Release */ = {
			isa = XCBuildConfiguration;
			buildSettings = {
				ALWAYS_SEARCH_USER_PATHS = NO;
				ASSETCATALOG_COMPILER_GENERATE_SWIFT_ASSET_SYMBOL_EXTENSIONS = YES;
				CLANG_ANALYZER_NONNULL = YES;
				CLANG_ANALYZER_NUMBER_OBJECT_CONVERSION = YES_AGGRESSIVE;
				CLANG_CXX_LANGUAGE_STANDARD = "gnu++20";
				CLANG_ENABLE_MODULES = YES;
				CLANG_ENABLE_OBJC_ARC = YES;
				CLANG_ENABLE_OBJC_WEAK = YES;
				CLANG_WARN_BLOCK_CAPTURE_AUTORELEASING = YES;
				CLANG_WARN_BOOL_CONVERSION = YES;
				CLANG_WARN_COMMA = YES;
				CLANG_WARN_CONSTANT_CONVERSION = YES;
				CLANG_WARN_DEPRECATED_OBJC_IMPLEMENTATIONS = YES;
				CLANG_WARN_DIRECT_OBJC_ISA_USAGE = YES_ERROR;
				CLANG_WARN_DOCUMENTATION_COMMENTS = YES;
				CLANG_WARN_EMPTY_BODY = YES;
				CLANG_WARN_ENUM_CONVERSION = YES;
				CLANG_WARN_INFINITE_RECURSION = YES;
				CLANG_WARN_INT_CONVERSION = YES;
				CLANG_WARN_NON_LITERAL_NULL_CONVERSION = YES;
				CLANG_WARN_OBJC_IMPLICIT_RETAIN_SELF = YES;
				CLANG_WARN_OBJC_LITERAL_CONVERSION = YES;
				CLANG_WARN_OBJC_ROOT_CLASS = YES_ERROR;
				CLANG_WARN_QUOTED_INCLUDE_IN_FRAMEWORK_HEADER = YES;
				CLANG_WARN_RANGE_LOOP_ANALYSIS = YES;
				CLANG_WARN_STRICT_PROTOTYPES = YES;
				CLANG_WARN_SUSPICIOUS_MOVE = YES;
				CLANG_WARN_UNGUARDED_AVAILABILITY = YES_AGGRESSIVE;
				CLANG_WARN_UNREACHABLE_CODE = YES;
				CLANG_WARN__DUPLICATE_METHOD_MATCH = YES;
				COPY_PHASE_STRIP = NO;
				DEBUG_INFORMATION_FORMAT = "dwarf-with-dsym";
				ENABLE_NS_ASSERTIONS = NO;
				ENABLE_STRICT_OBJC_MSGSEND = YES;
				ENABLE_USER_SCRIPT_SANDBOXING = YES;
				GCC_C_LANGUAGE_STANDARD = gnu17;
				GCC_NO_COMMON_BLOCKS = YES;
				GCC_WARN_64_TO_32_BIT_CONVERSION = YES;
				GCC_WARN_ABOUT_RETURN_TYPE = YES_ERROR;
				GCC_WARN_UNDECLARED_SELECTOR = YES;
				GCC_WARN_UNINITIALIZED_AUTOS = YES_AGGRESSIVE;
				GCC_WARN_UNUSED_FUNCTION = YES;
				GCC_WARN_UNUSED_VARIABLE = YES;
				IPHONEOS_DEPLOYMENT_TARGET = 17.2;
				LOCALIZATION_PREFERS_STRING_CATALOGS = YES;
				MTL_ENABLE_DEBUG_INFO = NO;
				MTL_FAST_MATH = YES;
				SDKROOT = iphoneos;
				SWIFT_COMPILATION_MODE = wholemodule;
				VALIDATE_PRODUCT = YES;
			};
			name = Release;
		};
		0D2D26722B8C95FE008EB605 /* Debug */ = {
			isa = XCBuildConfiguration;
			baseConfigurationReference = EA2016476BEF095C544D5F54 /* Pods-WeatherApp.debug.xcconfig */;
			buildSettings = {
				ASSETCATALOG_COMPILER_APPICON_NAME = AppIcon;
				ASSETCATALOG_COMPILER_GLOBAL_ACCENT_COLOR_NAME = AccentColor;
				BASE_URL = "http://api.openweathermap.org/";
				CODE_SIGN_STYLE = Automatic;
				CURRENT_PROJECT_VERSION = 1;
				DEVELOPMENT_TEAM = 7PX72NXP7V;
				ENABLE_USER_SCRIPT_SANDBOXING = NO;
				GENERATE_INFOPLIST_FILE = YES;
				INFOPLIST_FILE = WeatherApp/Info.plist;
				INFOPLIST_KEY_UIApplicationSupportsIndirectInputEvents = YES;
				INFOPLIST_KEY_UILaunchStoryboardName = LaunchScreen;
				INFOPLIST_KEY_UIMainStoryboardFile = Main;
				INFOPLIST_KEY_UISupportedInterfaceOrientations = UIInterfaceOrientationPortrait;
				INFOPLIST_KEY_UISupportedInterfaceOrientations_iPad = "UIInterfaceOrientationPortrait UIInterfaceOrientationPortraitUpsideDown";
				IPHONEOS_DEPLOYMENT_TARGET = 15.0;
				LD_RUNPATH_SEARCH_PATHS = (
					"$(inherited)",
					"@executable_path/Frameworks",
				);
				MARKETING_VERSION = 1.0;
				PRODUCT_BUNDLE_IDENTIFIER = app.fiable.WeatherApp;
				PRODUCT_NAME = "$(TARGET_NAME)";
				SWIFT_EMIT_LOC_STRINGS = YES;
				SWIFT_VERSION = 5.0;
				TARGETED_DEVICE_FAMILY = "1,2";
				WEATHER_API_KEY = ad3cd45ba5993cb4c759b95cc4205850;
			};
			name = Debug;
		};
		0D2D26732B8C95FE008EB605 /* Release */ = {
			isa = XCBuildConfiguration;
			baseConfigurationReference = B319B1D0E29CD8E224F018DF /* Pods-WeatherApp.release.xcconfig */;
			buildSettings = {
				ASSETCATALOG_COMPILER_APPICON_NAME = AppIcon;
				ASSETCATALOG_COMPILER_GLOBAL_ACCENT_COLOR_NAME = AccentColor;
				BASE_URL = "http://api.openweathermap.org/";
				CODE_SIGN_STYLE = Automatic;
				CURRENT_PROJECT_VERSION = 1;
				DEVELOPMENT_TEAM = 7PX72NXP7V;
				ENABLE_USER_SCRIPT_SANDBOXING = NO;
				GENERATE_INFOPLIST_FILE = YES;
				INFOPLIST_FILE = WeatherApp/Info.plist;
				INFOPLIST_KEY_UIApplicationSupportsIndirectInputEvents = YES;
				INFOPLIST_KEY_UILaunchStoryboardName = LaunchScreen;
				INFOPLIST_KEY_UIMainStoryboardFile = Main;
				INFOPLIST_KEY_UISupportedInterfaceOrientations = UIInterfaceOrientationPortrait;
				INFOPLIST_KEY_UISupportedInterfaceOrientations_iPad = "UIInterfaceOrientationPortrait UIInterfaceOrientationPortraitUpsideDown";
				IPHONEOS_DEPLOYMENT_TARGET = 15.0;
				LD_RUNPATH_SEARCH_PATHS = (
					"$(inherited)",
					"@executable_path/Frameworks",
				);
				MARKETING_VERSION = 1.0;
				PRODUCT_BUNDLE_IDENTIFIER = app.fiable.WeatherApp;
				PRODUCT_NAME = "$(TARGET_NAME)";
				SWIFT_EMIT_LOC_STRINGS = YES;
				SWIFT_VERSION = 5.0;
				TARGETED_DEVICE_FAMILY = "1,2";
				WEATHER_API_KEY = ad3cd45ba5993cb4c759b95cc4205850;
			};
			name = Release;
		};
		0D2D26752B8C95FE008EB605 /* Debug */ = {
			isa = XCBuildConfiguration;
			baseConfigurationReference = 7AC531B4A84C1DFF4FE683A0 /* Pods-WeatherAppTests.debug.xcconfig */;
			buildSettings = {
				ALWAYS_EMBED_SWIFT_STANDARD_LIBRARIES = YES;
				BUNDLE_LOADER = "$(TEST_HOST)";
				CODE_SIGN_STYLE = Automatic;
				CURRENT_PROJECT_VERSION = 1;
				DEVELOPMENT_TEAM = 7PX72NXP7V;
				GENERATE_INFOPLIST_FILE = YES;
				IPHONEOS_DEPLOYMENT_TARGET = 17.2;
				MARKETING_VERSION = 1.0;
				PRODUCT_BUNDLE_IDENTIFIER = app.fiable.WeatherAppTests;
				PRODUCT_NAME = "$(TARGET_NAME)";
				SWIFT_EMIT_LOC_STRINGS = NO;
				SWIFT_VERSION = 5.0;
				TARGETED_DEVICE_FAMILY = "1,2";
				TEST_HOST = "$(BUILT_PRODUCTS_DIR)/WeatherApp.app/$(BUNDLE_EXECUTABLE_FOLDER_PATH)/WeatherApp";
			};
			name = Debug;
		};
		0D2D26762B8C95FE008EB605 /* Release */ = {
			isa = XCBuildConfiguration;
			baseConfigurationReference = B0CEF4F9019AC003E1A15BF6 /* Pods-WeatherAppTests.release.xcconfig */;
			buildSettings = {
				ALWAYS_EMBED_SWIFT_STANDARD_LIBRARIES = YES;
				BUNDLE_LOADER = "$(TEST_HOST)";
				CODE_SIGN_STYLE = Automatic;
				CURRENT_PROJECT_VERSION = 1;
				DEVELOPMENT_TEAM = 7PX72NXP7V;
				GENERATE_INFOPLIST_FILE = YES;
				IPHONEOS_DEPLOYMENT_TARGET = 17.2;
				MARKETING_VERSION = 1.0;
				PRODUCT_BUNDLE_IDENTIFIER = app.fiable.WeatherAppTests;
				PRODUCT_NAME = "$(TARGET_NAME)";
				SWIFT_EMIT_LOC_STRINGS = NO;
				SWIFT_VERSION = 5.0;
				TARGETED_DEVICE_FAMILY = "1,2";
				TEST_HOST = "$(BUILT_PRODUCTS_DIR)/WeatherApp.app/$(BUNDLE_EXECUTABLE_FOLDER_PATH)/WeatherApp";
			};
			name = Release;
		};
		0D2D26782B8C95FE008EB605 /* Debug */ = {
			isa = XCBuildConfiguration;
			baseConfigurationReference = 629EBF6587BA09E3C7A42501 /* Pods-WeatherApp-WeatherAppUITests.debug.xcconfig */;
			buildSettings = {
				ALWAYS_EMBED_SWIFT_STANDARD_LIBRARIES = YES;
				CODE_SIGN_STYLE = Automatic;
				CURRENT_PROJECT_VERSION = 1;
				DEVELOPMENT_TEAM = 7PX72NXP7V;
				GENERATE_INFOPLIST_FILE = YES;
				MARKETING_VERSION = 1.0;
				PRODUCT_BUNDLE_IDENTIFIER = app.fiable.WeatherAppUITests;
				PRODUCT_NAME = "$(TARGET_NAME)";
				SWIFT_EMIT_LOC_STRINGS = NO;
				SWIFT_VERSION = 5.0;
				TARGETED_DEVICE_FAMILY = "1,2";
				TEST_TARGET_NAME = WeatherApp;
			};
			name = Debug;
		};
		0D2D26792B8C95FE008EB605 /* Release */ = {
			isa = XCBuildConfiguration;
			baseConfigurationReference = 2A129DF129E022C9B42EB398 /* Pods-WeatherApp-WeatherAppUITests.release.xcconfig */;
			buildSettings = {
				ALWAYS_EMBED_SWIFT_STANDARD_LIBRARIES = YES;
				CODE_SIGN_STYLE = Automatic;
				CURRENT_PROJECT_VERSION = 1;
				DEVELOPMENT_TEAM = 7PX72NXP7V;
				GENERATE_INFOPLIST_FILE = YES;
				MARKETING_VERSION = 1.0;
				PRODUCT_BUNDLE_IDENTIFIER = app.fiable.WeatherAppUITests;
				PRODUCT_NAME = "$(TARGET_NAME)";
				SWIFT_EMIT_LOC_STRINGS = NO;
				SWIFT_VERSION = 5.0;
				TARGETED_DEVICE_FAMILY = "1,2";
				TEST_TARGET_NAME = WeatherApp;
			};
			name = Release;
		};
/* End XCBuildConfiguration section */

/* Begin XCConfigurationList section */
		0D2D263F2B8C95FA008EB605 /* Build configuration list for PBXProject "WeatherApp" */ = {
			isa = XCConfigurationList;
			buildConfigurations = (
				0D2D266F2B8C95FE008EB605 /* Debug */,
				0D2D26702B8C95FE008EB605 /* Release */,
			);
			defaultConfigurationIsVisible = 0;
			defaultConfigurationName = Release;
		};
		0D2D26712B8C95FE008EB605 /* Build configuration list for PBXNativeTarget "WeatherApp" */ = {
			isa = XCConfigurationList;
			buildConfigurations = (
				0D2D26722B8C95FE008EB605 /* Debug */,
				0D2D26732B8C95FE008EB605 /* Release */,
			);
			defaultConfigurationIsVisible = 0;
			defaultConfigurationName = Release;
		};
		0D2D26742B8C95FE008EB605 /* Build configuration list for PBXNativeTarget "WeatherAppTests" */ = {
			isa = XCConfigurationList;
			buildConfigurations = (
				0D2D26752B8C95FE008EB605 /* Debug */,
				0D2D26762B8C95FE008EB605 /* Release */,
			);
			defaultConfigurationIsVisible = 0;
			defaultConfigurationName = Release;
		};
		0D2D26772B8C95FE008EB605 /* Build configuration list for PBXNativeTarget "WeatherAppUITests" */ = {
			isa = XCConfigurationList;
			buildConfigurations = (
				0D2D26782B8C95FE008EB605 /* Debug */,
				0D2D26792B8C95FE008EB605 /* Release */,
			);
			defaultConfigurationIsVisible = 0;
			defaultConfigurationName = Release;
		};
/* End XCConfigurationList section */

/* Begin XCVersionGroup section */
		0D2D26502B8C95FA008EB605 /* WeatherApp.xcdatamodeld */ = {
			isa = XCVersionGroup;
			children = (
				0D2D26512B8C95FA008EB605 /* WeatherApp.xcdatamodel */,
			);
			currentVersion = 0D2D26512B8C95FA008EB605 /* WeatherApp.xcdatamodel */;
			path = WeatherApp.xcdatamodeld;
			sourceTree = "<group>";
			versionGroupType = wrapper.xcdatamodel;
		};
/* End XCVersionGroup section */
	};
	rootObject = 0D2D263C2B8C95FA008EB605 /* Project object */;
}
